# THIS IS AN AUTOGENERATED FILE. DO NOT EDIT THIS FILE DIRECTLY.
# yarn lockfile v1


"@bitauth/libauth@1.19.1":
  version "1.19.1"
  resolved "https://registry.npmjs.org/@bitauth/libauth/-/libauth-1.19.1.tgz"
  integrity sha512-R524tD5VwOt3QRHr7N518nqTVR/HKgfWL4LypekcGuNQN8R4PWScvuRcRzrY39A28kLztMv+TJdiKuMNbkU1ug==

"@ethersproject/abstract-provider@^5.7.0":
  version "5.7.0"
  resolved "https://registry.npmjs.org/@ethersproject/abstract-provider/-/abstract-provider-5.7.0.tgz"
  integrity sha512-R41c9UkchKCpAqStMYUpdunjo3pkEvZC3FAwZn5S5MGbXoMQOHIdHItezTETxAO5bevtMApSyEhn9+CHcDsWBw==
  dependencies:
    "@ethersproject/bignumber" "^5.7.0"
    "@ethersproject/bytes" "^5.7.0"
    "@ethersproject/logger" "^5.7.0"
    "@ethersproject/networks" "^5.7.0"
    "@ethersproject/properties" "^5.7.0"
    "@ethersproject/transactions" "^5.7.0"
    "@ethersproject/web" "^5.7.0"

"@ethersproject/abstract-signer@^5.7.0":
  version "5.7.0"
  resolved "https://registry.npmjs.org/@ethersproject/abstract-signer/-/abstract-signer-5.7.0.tgz"
  integrity sha512-a16V8bq1/Cz+TGCkE2OPMTOUDLS3grCpdjoJCYNnVBbdYEMSgKrU0+B90s8b6H+ByYTBZN7a3g76jdIJi7UfKQ==
  dependencies:
    "@ethersproject/abstract-provider" "^5.7.0"
    "@ethersproject/bignumber" "^5.7.0"
    "@ethersproject/bytes" "^5.7.0"
    "@ethersproject/logger" "^5.7.0"
    "@ethersproject/properties" "^5.7.0"

"@ethersproject/address@^5.7.0":
  version "5.7.0"
  resolved "https://registry.npmjs.org/@ethersproject/address/-/address-5.7.0.tgz"
  integrity sha512-9wYhYt7aghVGo758POM5nqcOMaE168Q6aRLJZwUmiqSrAungkG74gSSeKEIR7ukixesdRZGPgVqme6vmxs1fkA==
  dependencies:
    "@ethersproject/bignumber" "^5.7.0"
    "@ethersproject/bytes" "^5.7.0"
    "@ethersproject/keccak256" "^5.7.0"
    "@ethersproject/logger" "^5.7.0"
    "@ethersproject/rlp" "^5.7.0"

"@ethersproject/base64@^5.7.0":
  version "5.7.0"
  resolved "https://registry.npmjs.org/@ethersproject/base64/-/base64-5.7.0.tgz"
  integrity sha512-Dr8tcHt2mEbsZr/mwTPIQAf3Ai0Bks/7gTw9dSqk1mQvhW3XvRlmDJr/4n+wg1JmCl16NZue17CDh8xb/vZ0sQ==
  dependencies:
    "@ethersproject/bytes" "^5.7.0"

"@ethersproject/basex@^5.7.0":
  version "5.7.0"
  resolved "https://registry.npmjs.org/@ethersproject/basex/-/basex-5.7.0.tgz"
  integrity sha512-ywlh43GwZLv2Voc2gQVTKBoVQ1mti3d8HK5aMxsfu/nRDnMmNqaSJ3r3n85HBByT8OpoY96SXM1FogC533T4zw==
  dependencies:
    "@ethersproject/bytes" "^5.7.0"
    "@ethersproject/properties" "^5.7.0"

"@ethersproject/bignumber@^5.7.0":
  version "5.7.0"
  resolved "https://registry.npmjs.org/@ethersproject/bignumber/-/bignumber-5.7.0.tgz"
  integrity sha512-n1CAdIHRWjSucQO3MC1zPSVgV/6dy/fjL9pMrPP9peL+QxEg9wOsVqwD4+818B6LUEtaXzVHQiuivzRoxPxUGw==
  dependencies:
    "@ethersproject/bytes" "^5.7.0"
    "@ethersproject/logger" "^5.7.0"
    bn.js "^5.2.1"

"@ethersproject/bytes@^5.7.0":
  version "5.7.0"
  resolved "https://registry.npmjs.org/@ethersproject/bytes/-/bytes-5.7.0.tgz"
  integrity sha512-nsbxwgFXWh9NyYWo+U8atvmMsSdKJprTcICAkvbBffT75qDocbuggBU0SJiVK2MuTrp0q+xvLkTnGMPK1+uA9A==
  dependencies:
    "@ethersproject/logger" "^5.7.0"

"@ethersproject/constants@^5.7.0":
  version "5.7.0"
  resolved "https://registry.npmjs.org/@ethersproject/constants/-/constants-5.7.0.tgz"
  integrity sha512-DHI+y5dBNvkpYUMiRQyxRBYBefZkJfo70VUkUAsRjcPs47muV9evftfZ0PJVCXYbAiCgght0DtcF9srFQmIgWA==
  dependencies:
    "@ethersproject/bignumber" "^5.7.0"

"@ethersproject/hash@^5.7.0":
  version "5.7.0"
  resolved "https://registry.npmjs.org/@ethersproject/hash/-/hash-5.7.0.tgz"
  integrity sha512-qX5WrQfnah1EFnO5zJv1v46a8HW0+E5xuBBDTwMFZLuVTx0tbU2kkx15NqdjxecrLGatQN9FGQKpb1FKdHCt+g==
  dependencies:
    "@ethersproject/abstract-signer" "^5.7.0"
    "@ethersproject/address" "^5.7.0"
    "@ethersproject/base64" "^5.7.0"
    "@ethersproject/bignumber" "^5.7.0"
    "@ethersproject/bytes" "^5.7.0"
    "@ethersproject/keccak256" "^5.7.0"
    "@ethersproject/logger" "^5.7.0"
    "@ethersproject/properties" "^5.7.0"
    "@ethersproject/strings" "^5.7.0"

"@ethersproject/hdnode@5.7.0":
  version "5.7.0"
  resolved "https://registry.npmjs.org/@ethersproject/hdnode/-/hdnode-5.7.0.tgz"
  integrity sha512-OmyYo9EENBPPf4ERhR7oj6uAtUAhYGqOnIS+jE5pTXvdKBS99ikzq1E7Iv0ZQZ5V36Lqx1qZLeak0Ra16qpeOg==
  dependencies:
    "@ethersproject/abstract-signer" "^5.7.0"
    "@ethersproject/basex" "^5.7.0"
    "@ethersproject/bignumber" "^5.7.0"
    "@ethersproject/bytes" "^5.7.0"
    "@ethersproject/logger" "^5.7.0"
    "@ethersproject/pbkdf2" "^5.7.0"
    "@ethersproject/properties" "^5.7.0"
    "@ethersproject/sha2" "^5.7.0"
    "@ethersproject/signing-key" "^5.7.0"
    "@ethersproject/strings" "^5.7.0"
    "@ethersproject/transactions" "^5.7.0"
    "@ethersproject/wordlists" "^5.7.0"

"@ethersproject/keccak256@^5.7.0":
  version "5.7.0"
  resolved "https://registry.npmjs.org/@ethersproject/keccak256/-/keccak256-5.7.0.tgz"
  integrity sha512-2UcPboeL/iW+pSg6vZ6ydF8tCnv3Iu/8tUmLLzWWGzxWKFFqOBQFLo6uLUv6BDrLgCDfN28RJ/wtByx+jZ4KBg==
  dependencies:
    "@ethersproject/bytes" "^5.7.0"
    js-sha3 "0.8.0"

"@ethersproject/logger@^5.7.0":
  version "5.7.0"
  resolved "https://registry.npmjs.org/@ethersproject/logger/-/logger-5.7.0.tgz"
  integrity sha512-0odtFdXu/XHtjQXJYA3u9G0G8btm0ND5Cu8M7i5vhEcE8/HmF4Lbdqanwyv4uQTr2tx6b7fQRmgLrsnpQlmnig==

"@ethersproject/networks@^5.7.0":
  version "5.7.1"
  resolved "https://registry.npmjs.org/@ethersproject/networks/-/networks-5.7.1.tgz"
  integrity sha512-n/MufjFYv3yFcUyfhnXotyDlNdFb7onmkSy8aQERi2PjNcnWQ66xXxa3XlS8nCcA8aJKJjIIMNJTC7tu80GwpQ==
  dependencies:
    "@ethersproject/logger" "^5.7.0"

"@ethersproject/pbkdf2@^5.7.0":
  version "5.7.0"
  resolved "https://registry.npmjs.org/@ethersproject/pbkdf2/-/pbkdf2-5.7.0.tgz"
  integrity sha512-oR/dBRZR6GTyaofd86DehG72hY6NpAjhabkhxgr3X2FpJtJuodEl2auADWBZfhDHgVCbu3/H/Ocq2uC6dpNjjw==
  dependencies:
    "@ethersproject/bytes" "^5.7.0"
    "@ethersproject/sha2" "^5.7.0"

"@ethersproject/properties@^5.7.0":
  version "5.7.0"
  resolved "https://registry.npmjs.org/@ethersproject/properties/-/properties-5.7.0.tgz"
  integrity sha512-J87jy8suntrAkIZtecpxEPxY//szqr1mlBaYlQ0r4RCaiD2hjheqF9s1LVE8vVuJCXisjIP+JgtK/Do54ej4Sw==
  dependencies:
    "@ethersproject/logger" "^5.7.0"

"@ethersproject/random@5.7.0":
  version "5.7.0"
  resolved "https://registry.npmjs.org/@ethersproject/random/-/random-5.7.0.tgz"
  integrity sha512-19WjScqRA8IIeWclFme75VMXSBvi4e6InrUNuaR4s5pTF2qNhcGdCUwdxUVGtDDqC00sDLCO93jPQoDUH4HVmQ==
  dependencies:
    "@ethersproject/bytes" "^5.7.0"
    "@ethersproject/logger" "^5.7.0"

"@ethersproject/rlp@^5.7.0":
  version "5.7.0"
  resolved "https://registry.npmjs.org/@ethersproject/rlp/-/rlp-5.7.0.tgz"
  integrity sha512-rBxzX2vK8mVF7b0Tol44t5Tb8gomOHkj5guL+HhzQ1yBh/ydjGnpw6at+X6Iw0Kp3OzzzkcKp8N9r0W4kYSs9w==
  dependencies:
    "@ethersproject/bytes" "^5.7.0"
    "@ethersproject/logger" "^5.7.0"

"@ethersproject/sha2@^5.7.0":
  version "5.7.0"
  resolved "https://registry.npmjs.org/@ethersproject/sha2/-/sha2-5.7.0.tgz"
  integrity sha512-gKlH42riwb3KYp0reLsFTokByAKoJdgFCwI+CCiX/k+Jm2mbNs6oOaCjYQSlI1+XBVejwH2KrmCbMAT/GnRDQw==
  dependencies:
    "@ethersproject/bytes" "^5.7.0"
    "@ethersproject/logger" "^5.7.0"
    hash.js "1.1.7"

"@ethersproject/signing-key@^5.7.0":
  version "5.7.0"
  resolved "https://registry.npmjs.org/@ethersproject/signing-key/-/signing-key-5.7.0.tgz"
  integrity sha512-MZdy2nL3wO0u7gkB4nA/pEf8lu1TlFswPNmy8AiYkfKTdO6eXBJyUdmHO/ehm/htHw9K/qF8ujnTyUAD+Ry54Q==
  dependencies:
    "@ethersproject/bytes" "^5.7.0"
    "@ethersproject/logger" "^5.7.0"
    "@ethersproject/properties" "^5.7.0"
    bn.js "^5.2.1"
    elliptic "6.5.4"
    hash.js "1.1.7"

"@ethersproject/strings@^5.7.0":
  version "5.7.0"
  resolved "https://registry.npmjs.org/@ethersproject/strings/-/strings-5.7.0.tgz"
  integrity sha512-/9nu+lj0YswRNSH0NXYqrh8775XNyEdUQAuf3f+SmOrnVewcJ5SBNAjF7lpgehKi4abvNNXyf+HX86czCdJ8Mg==
  dependencies:
    "@ethersproject/bytes" "^5.7.0"
    "@ethersproject/constants" "^5.7.0"
    "@ethersproject/logger" "^5.7.0"

"@ethersproject/transactions@^5.7.0":
  version "5.7.0"
  resolved "https://registry.npmjs.org/@ethersproject/transactions/-/transactions-5.7.0.tgz"
  integrity sha512-kmcNicCp1lp8qanMTC3RIikGgoJ80ztTyvtsFvCYpSCfkjhD0jZ2LOrnbcuxuToLIUYYf+4XwD1rP+B/erDIhQ==
  dependencies:
    "@ethersproject/address" "^5.7.0"
    "@ethersproject/bignumber" "^5.7.0"
    "@ethersproject/bytes" "^5.7.0"
    "@ethersproject/constants" "^5.7.0"
    "@ethersproject/keccak256" "^5.7.0"
    "@ethersproject/logger" "^5.7.0"
    "@ethersproject/properties" "^5.7.0"
    "@ethersproject/rlp" "^5.7.0"
    "@ethersproject/signing-key" "^5.7.0"

"@ethersproject/web@^5.7.0":
  version "5.7.1"
  resolved "https://registry.npmjs.org/@ethersproject/web/-/web-5.7.1.tgz"
  integrity sha512-Gueu8lSvyjBWL4cYsWsjh6MtMwM0+H4HvqFPZfB6dV8ctbP9zFAO73VG1cMWae0FLPCtz0peKPpZY8/ugJJX2w==
  dependencies:
    "@ethersproject/base64" "^5.7.0"
    "@ethersproject/bytes" "^5.7.0"
    "@ethersproject/logger" "^5.7.0"
    "@ethersproject/properties" "^5.7.0"
    "@ethersproject/strings" "^5.7.0"

"@ethersproject/wordlists@^5.7.0":
  version "5.7.0"
  resolved "https://registry.npmjs.org/@ethersproject/wordlists/-/wordlists-5.7.0.tgz"
  integrity sha512-S2TFNJNfHWVHNE6cNDjbVlZ6MgE17MIxMbMg2zv3wn+3XSJGosL1m9ZVv3GXCf/2ymSsQ+hRI5IzoMJTG6aoVA==
  dependencies:
    "@ethersproject/bytes" "^5.7.0"
    "@ethersproject/hash" "^5.7.0"
    "@ethersproject/logger" "^5.7.0"
    "@ethersproject/properties" "^5.7.0"
    "@ethersproject/strings" "^5.7.0"

"@nexajs/address@23.5.15":
  version "23.5.15"
  resolved "https://registry.yarnpkg.com/@nexajs/address/-/address-23.5.15.tgz#d3b3fc23a65cb07aa663ee1647e847c9117741b2"
  integrity sha512-fDNL5+c1OqBIF6Ngc8Cjcg9F72JajANJqQnWmD+p+uBI67oT2uap86/mAoBIwCIk4k0ZrZBAE3jWSdA+9jqBNA==
  dependencies:
    "@nexajs/rostrum" "23.5.15"
    big-integer "1.6.51"
    debug "4.3.4"
    graphql "16.6.0"
    graphql-ws "5.12.0"
    ws "8.13.0"

"@nexajs/address@23.5.22":
  version "23.5.22"
  resolved "https://registry.yarnpkg.com/@nexajs/address/-/address-23.5.22.tgz#2dc6aa09e171d6604610a60f01624f37797ade33"
  integrity sha512-Y9gdgHsdQM/5PL7Yx6iwYFhaxbfo+gwE1tKY9t90CxZu+wjnF77iHz/aEz+FKjYDazuwoRGTMDPbsfwgoSN7+Q==
  dependencies:
    "@nexajs/rostrum" "23.5.19"
    big-integer "1.6.51"
    debug "4.3.4"
    graphql "16.6.0"
    graphql-ws "5.12.0"
    ws "8.13.0"

"@nexajs/address@23.6.23":
  version "23.6.23"
  resolved "https://registry.yarnpkg.com/@nexajs/address/-/address-23.6.23.tgz#ebe3e2381208f35636e572692964d96b68624d80"
  integrity sha512-qtnsQzz7hrHMHp2lqspUn8yxIgvmVhdJDQ4GlKDjcBLBlUrGjSAcf2uRoANVsFv+X18JSNS0k/CYj1ibc+CHug==
  dependencies:
    "@nexajs/rostrum" "23.6.21"
    big-integer "1.6.51"
    debug "4.3.4"
    graphql "16.6.0"
    graphql-ws "5.12.0"
    ws "8.13.0"

"@nexajs/address@23.7.20":
  version "23.7.20"
  resolved "https://registry.yarnpkg.com/@nexajs/address/-/address-23.7.20.tgz#568c48a7754fbbfe928d6e3811ffb0288449cde3"
  integrity sha512-c3NctJfRH5QXmWacT1IV9y9wnvjsGFAHb8Gy7y3HdHKsspQ+0ui1ODO6cXLNYr3+tjml6dVt8MNJV/nL0cUNIg==
  dependencies:
    "@nexajs/rostrum" "23.7.20"
    big-integer "1.6.51"
    debug "4.3.4"
    graphql "16.6.0"
    graphql-ws "5.12.0"
    ws "8.13.0"

"@nexajs/crypto@23.5.22":
  version "23.5.22"
  resolved "https://registry.yarnpkg.com/@nexajs/crypto/-/crypto-23.5.22.tgz#1ca8e76cc18e159d18ef59f08368135dfcafee88"
  integrity sha512-2rKBRYsWKbtD7trTa25sOAN0TuAuz7RGU7eLMDLBtgLoIbIrQ6Q8amA4BlPyLNpjc4Og/KWbncSqRrXIvpm5Lw==
  dependencies:
    "@ethersproject/random" "5.7.0"
    "@nexajs/utils" "23.5.15"
    crypto-js "4.1.1"
    debug "4.3.4"
    events "3.3.0"
    scrypt-js "3.0.1"
    secure-ls "1.2.6"

"@nexajs/hdnode@23.5.15":
  version "23.5.15"
  resolved "https://registry.yarnpkg.com/@nexajs/hdnode/-/hdnode-23.5.15.tgz#78dec2cc947d1f8a6095c162bbb70c1851182a00"
  integrity sha512-nAmUvj51ACSKrBdMOtU4UJyCPB0eztpQyrCAk/KePWFOKSDwrwoBCUNBFRV/bqeuPyGJ53hL2Z2ziaW7fKIjlg==
  dependencies:
    "@bitauth/libauth" "1.19.1"
    "@ethersproject/hdnode" "5.7.0"
    "@nexajs/address" "23.5.15"
    "@nexajs/utils" "23.5.15"
    debug "4.3.4"

"@nexajs/hdnode@23.7.20":
  version "23.7.20"
  resolved "https://registry.yarnpkg.com/@nexajs/hdnode/-/hdnode-23.7.20.tgz#400390b1829b4ca2076e0231797102587199b85e"
  integrity sha512-ypNeCyCWmXOKQ3SRrE1F1qH54vsn61985aK9KNd2W7E+9JQ64Y5IvjJyhDLEKSJLaedBFXVclUm+0uVSo30uRg==
  dependencies:
    "@bitauth/libauth" "1.19.1"
    "@ethersproject/hdnode" "5.7.0"
    "@nexajs/address" "23.7.20"
    "@nexajs/utils" "23.5.15"
    debug "4.3.4"

"@nexajs/provider@23.6.21":
  version "23.6.21"
  resolved "https://registry.yarnpkg.com/@nexajs/provider/-/provider-23.6.21.tgz#6f7e63b29d42ae0621d74e0dcf5a6a5301a8052b"
  integrity sha512-qin/4nKNStmt/oq26zsXjofY6O8Y6D0TkgJn0Rp5mxY3Ri05tg+zEarkynurgxbmHXwf8S2M4f4YScN+BD4Eyw==
  dependencies:
    debug "4.3.4"
    events "3.3.0"
    isomorphic-ws "5.0.0"
    ws "8.13.0"

"@nexajs/purse@23.7.18":
  version "23.7.18"
  resolved "https://registry.yarnpkg.com/@nexajs/purse/-/purse-23.7.18.tgz#88b0a52fc33866dd978c93a61d794d163d3d12f0"
  integrity sha512-azNCCo4UTZ/hM0nJh0MSKV1cV94kmz2kV3glzI7bmBF9y6ScMAo2GAx2UKhAvQNSU48dVpCoPHt9Xl7RSif4+g==
  dependencies:
    "@nexajs/address" "23.6.23"
    "@nexajs/hdnode" "23.5.15"
    "@nexajs/provider" "23.6.21"
    "@nexajs/transaction" "23.5.25"
    debug "4.3.4"
    events "3.3.0"
    uuid "9.0.0"

"@nexajs/rostrum@23.5.15":
  version "23.5.15"
  resolved "https://registry.yarnpkg.com/@nexajs/rostrum/-/rostrum-23.5.15.tgz#4cb94d16d55a2c957b76bcfdcee59d4698b5785d"
  integrity sha512-J++CNia9ltJzIHqRciHjakH2sbtBYlbQIIg0t7xCFg8GKQ30xdEtQo2XmZbh9JcFDry9x4WPZeueE+vyfK5yRQ==
  dependencies:
    debug "4.3.4"
    events "3.3.0"
    isomorphic-ws "5.0.0"
    uuid "9.0.0"
    ws "8.12.1"

"@nexajs/rostrum@23.5.19":
  version "23.5.19"
  resolved "https://registry.yarnpkg.com/@nexajs/rostrum/-/rostrum-23.5.19.tgz#f652f3cb01145469e534b7e134a29086d533ddb0"
  integrity sha512-Ep/KLlmVa1JxkfDpi5qty5eipMgAxj66ka9em7WHwZxch8UCmBpm8JEpFmDpxoeRneGTkfpkBgf2OOucQyDdqg==
  dependencies:
    debug "4.3.4"
    events "3.3.0"
    isomorphic-ws "5.0.0"
    uuid "9.0.0"
    ws "8.12.1"

"@nexajs/rostrum@23.6.21":
  version "23.6.21"
  resolved "https://registry.yarnpkg.com/@nexajs/rostrum/-/rostrum-23.6.21.tgz#a87a45d79644b844d053affd6b825d6b20fce108"
  integrity sha512-czMS3o1gVXLS5VOk0Izr1KBZnputiAp3F+LxJKTdIczxhn7cGXwxKFgKxjqIIbXBTuzBevj3eiWUfUnTEphLlw==
  dependencies:
    debug "4.3.4"
    events "3.3.0"
    isomorphic-ws "5.0.0"
    uuid "9.0.0"
    ws "8.12.1"

"@nexajs/rostrum@23.7.20":
  version "23.7.20"
  resolved "https://registry.yarnpkg.com/@nexajs/rostrum/-/rostrum-23.7.20.tgz#f4d6ec66d9dd7a8be024459ec78704f71211899a"
  integrity sha512-lA30LOIKOrSBd8nbhehtGzme2BLojNA/7eAyhXB+RXwyazCC+CRSoCLNjQVlAJp6Mua9vXLn5pIrjnVIXQqr2Q==
  dependencies:
    debug "4.3.4"
    events "3.3.0"
    isomorphic-ws "5.0.0"
    uuid "9.0.0"
    ws "8.12.1"

"@nexajs/script@23.5.15":
  version "23.5.15"
  resolved "https://registry.yarnpkg.com/@nexajs/script/-/script-23.5.15.tgz#6cc197e13a30b9eb31f53afd6cc0c3319d91c955"
  integrity sha512-yAohX0s03mWPF6o/N5ugNDQKQ7K3JHEtZOupQ4zKReD3kLnamkxJ2wl/uHDfjxCtTUQlBySvFYL0/d5WAepeNA==
  dependencies:
    debug "4.3.4"

"@nexajs/script@23.7.15":
  version "23.7.15"
  resolved "https://registry.yarnpkg.com/@nexajs/script/-/script-23.7.15.tgz#60a59d968dd962ea5b70759cb9312fca307e0bb9"
  integrity sha512-AltfQDu9LDu3q35TGtrHzGVpk3Jw4xfdKVkKB5SYI8jHmGVQca8JiYKFgELBwLxr4Z52ZeJsvuWAUzR9nKITEw==
  dependencies:
    debug "4.3.4"

"@nexajs/token@23.7.18":
  version "23.7.18"
  resolved "https://registry.yarnpkg.com/@nexajs/token/-/token-23.7.18.tgz#fe93e31224f657554e2cc5aa5422ab0110d13f9a"
  integrity sha512-ciWqhlRzHKc6xucnA6YPU4FkNY2FM+JjU5wuZDIaUn3h+TpzILXY25stIa8mQ+SHg7XMHlE6x1Gz2gR2TFMjYA==
  dependencies:
    "@nexajs/address" "23.6.23"
    "@nexajs/hdnode" "23.5.15"
    "@nexajs/provider" "23.6.21"
    "@nexajs/transaction" "23.7.15"
    debug "4.3.4"
    events "3.3.0"
    node-fetch "3.3.1"

"@nexajs/transaction@23.5.25":
  version "23.5.25"
  resolved "https://registry.yarnpkg.com/@nexajs/transaction/-/transaction-23.5.25.tgz#37f52b2d5138f3ab543a40b5ed2de9fbc60062bd"
  integrity sha512-qPE7grUuTk1FL2caRxHpgBnNsKySwhEiNztY0ev6EG/ev5wOsq9eKOE3jyiRMuHHJ7JkAoghqb5/zIlrMDwv3g==
  dependencies:
    "@bitauth/libauth" "1.19.1"
    "@nexajs/address" "23.5.22"
    "@nexajs/hdnode" "23.5.15"
    "@nexajs/script" "23.5.15"
    "@nexajs/utils" "23.5.15"
    debug "4.3.4"

"@nexajs/transaction@23.7.15":
  version "23.7.15"
  resolved "https://registry.yarnpkg.com/@nexajs/transaction/-/transaction-23.7.15.tgz#253d30497bf5a75fb9dcaf206035c6570b4ddf4f"
  integrity sha512-LwMvxLgJG/RrKssvYChNSyyaFPWQkoyhEUX8Gq2OtKXfEbnCuCSgEgQa9bf7Qofm+WbiVoWa/YObGhfrTsPMVQ==
  dependencies:
    "@bitauth/libauth" "1.19.1"
    "@nexajs/address" "23.6.23"
    "@nexajs/crypto" "23.5.22"
    "@nexajs/hdnode" "23.5.15"
    "@nexajs/script" "23.7.15"
    "@nexajs/utils" "23.5.15"
    debug "4.3.4"

"@nexajs/utils@23.5.15":
  version "23.5.15"
  resolved "https://registry.yarnpkg.com/@nexajs/utils/-/utils-23.5.15.tgz#d4773ecf37b6bc10b35f4c4aa6be12ee721c7763"
  integrity sha512-rDw49tjDJ6mqYQEEHeLtfMPZq8QFOzdFarYXz1Pa94k37kUKdxxSoZWdDnGKfFD7ec4Zm7BvcTp4AxAuvlMUrw==
  dependencies:
    debug "4.3.4"

big-integer@1.6.51:
  version "1.6.51"
  resolved "https://registry.npmjs.org/big-integer/-/big-integer-1.6.51.tgz"
  integrity sha512-GPEid2Y9QU1Exl1rpO9B2IPJGHPSupF5GnVIP0blYvNOMer2bTvSWs1jGOUg04hTmu67nmLsQ9TBo1puaotBHg==

bn.js@^4.11.9:
  version "4.12.0"
  resolved "https://registry.npmjs.org/bn.js/-/bn.js-4.12.0.tgz"
  integrity sha512-c98Bf3tPniI+scsdk237ku1Dc3ujXQTSgyiPUDEOe7tRkhrqridvh8klBv0HCEso1OLOYcHuCv/cS6DNxKH+ZA==

bn.js@^5.2.1:
  version "5.2.1"
  resolved "https://registry.npmjs.org/bn.js/-/bn.js-5.2.1.tgz"
  integrity sha512-eXRvHzWyYPBuB4NBy0cmYQjGitUrtqwbvlzP3G6VFnNRbsZQIxQ10PbKKHt8gZ/HW/D/747aDl+QkDqg3KQLMQ==

brorand@^1.1.0:
  version "1.1.0"
  resolved "https://registry.npmjs.org/brorand/-/brorand-1.1.0.tgz"
  integrity sha512-cKV8tMCEpQs4hK/ik71d6LrPOnpkpGBR0wzxqr68g2m/LB2GxVYQroAjMJZRVM1Y4BCjCKc3vAamxSzOY2RP+w==

crypto-js@4.1.1:
  version "4.1.1"
  resolved "https://registry.npmjs.org/crypto-js/-/crypto-js-4.1.1.tgz"
  integrity sha512-o2JlM7ydqd3Qk9CA0L4NL6mTzU2sdx96a+oOfPu8Mkl/PK51vSyoi8/rQ8NknZtk44vq15lmhAj9CIAGwgeWKw==

crypto-js@^3.1.6:
  version "3.3.0"
  resolved "https://registry.npmjs.org/crypto-js/-/crypto-js-3.3.0.tgz"
  integrity sha512-DIT51nX0dCfKltpRiXV+/TVZq+Qq2NgF4644+K7Ttnla7zEzqc+kjJyiB96BHNyUTBxyjzRcZYpUdZa+QAqi6Q==

data-uri-to-buffer@^4.0.0:
  version "4.0.1"
  resolved "https://registry.yarnpkg.com/data-uri-to-buffer/-/data-uri-to-buffer-4.0.1.tgz#d8feb2b2881e6a4f58c2e08acfd0e2834e26222e"
  integrity sha512-0R9ikRb668HB7QDxT1vkpuUBtqc53YyAwMwGeUFKRojY/NWKvdZ+9UYtRfGmhqNbRkTSVpMbmyhXipFFv2cb/A==

debug@4.3.4:
  version "4.3.4"
  resolved "https://registry.npmjs.org/debug/-/debug-4.3.4.tgz"
  integrity sha512-PRWFHuSU3eDtQJPvnNY7Jcket1j0t5OuOsFzPPzsekD52Zl8qUfFIPEiswXqIvHWGVHOgX+7G/vCNNhehwxfkQ==
  dependencies:
    ms "2.1.2"

elliptic@6.5.4:
  version "6.5.4"
  resolved "https://registry.npmjs.org/elliptic/-/elliptic-6.5.4.tgz"
  integrity sha512-iLhC6ULemrljPZb+QutR5TQGB+pdW6KGD5RSegS+8sorOZT+rdQFbsQFJgvN3eRqNALqJer4oQ16YvJHlU8hzQ==
  dependencies:
    bn.js "^4.11.9"
    brorand "^1.1.0"
    hash.js "^1.0.0"
    hmac-drbg "^1.0.1"
    inherits "^2.0.4"
    minimalistic-assert "^1.0.1"
    minimalistic-crypto-utils "^1.0.1"

events@3.3.0:
  version "3.3.0"
  resolved "https://registry.npmjs.org/events/-/events-3.3.0.tgz"
  integrity sha512-mQw+2fkQbALzQ7V0MY0IqdnXNOeTtP4r0lN9z7AAawCXgqea7bDii20AYrIBrFd/Hx0M2Ocz6S111CaFkUcb0Q==

fetch-blob@^3.1.2, fetch-blob@^3.1.4:
  version "3.2.0"
  resolved "https://registry.yarnpkg.com/fetch-blob/-/fetch-blob-3.2.0.tgz#f09b8d4bbd45adc6f0c20b7e787e793e309dcce9"
  integrity sha512-7yAQpD2UMJzLi1Dqv7qFYnPbaPx7ZfFK6PiIxQ4PfkGPyNyl2Ugx+a/umUonmKqjhM4DnfbMvdX6otXq83soQQ==
  dependencies:
    node-domexception "^1.0.0"
    web-streams-polyfill "^3.0.3"

formdata-polyfill@^4.0.10:
  version "4.0.10"
  resolved "https://registry.yarnpkg.com/formdata-polyfill/-/formdata-polyfill-4.0.10.tgz#24807c31c9d402e002ab3d8c720144ceb8848423"
  integrity sha512-buewHzMvYL29jdeQTVILecSaZKnt/RJWjoZCF5OW60Z67/GmSLBkOFM7qh1PI3zFNtJbaZL5eQu1vLfazOwj4g==
  dependencies:
    fetch-blob "^3.1.2"

graphql-ws@5.12.0:
  version "5.12.0"
  resolved "https://registry.yarnpkg.com/graphql-ws/-/graphql-ws-5.12.0.tgz#d06fe38916334b4a4c827f73268cbf4359a32ed7"
  integrity sha512-PA3ImUp8utrpEjoxBMhvxsjkStvFEdU0E1gEBREt8HZIWkxOUymwJBhFnBL7t/iHhUq1GVPeZevPinkZFENxTw==

graphql@16.6.0:
  version "16.6.0"
  resolved "https://registry.yarnpkg.com/graphql/-/graphql-16.6.0.tgz#c2dcffa4649db149f6282af726c8c83f1c7c5fdb"
  integrity sha512-KPIBPDlW7NxrbT/eh4qPXz5FiFdL5UbaA0XUNz2Rp3Z3hqBSkbj0GVjwFDztsWVauZUWsbKHgMg++sk8UX0bkw==

hash.js@1.1.7, hash.js@^1.0.0, hash.js@^1.0.3:
  version "1.1.7"
  resolved "https://registry.npmjs.org/hash.js/-/hash.js-1.1.7.tgz"
  integrity sha512-taOaskGt4z4SOANNseOviYDvjEJinIkRgmp7LbKP2YTTmVxWBl87s/uzK9r+44BclBSp2X7K1hqeNfz9JbBeXA==
  dependencies:
    inherits "^2.0.3"
    minimalistic-assert "^1.0.1"

hmac-drbg@^1.0.1:
  version "1.0.1"
  resolved "https://registry.npmjs.org/hmac-drbg/-/hmac-drbg-1.0.1.tgz"
  integrity sha512-Tti3gMqLdZfhOQY1Mzf/AanLiqh1WTiJgEj26ZuYQ9fbkLomzGchCws4FyrSd4VkpBfiNhaE1On+lOz894jvXg==
  dependencies:
    hash.js "^1.0.3"
    minimalistic-assert "^1.0.0"
    minimalistic-crypto-utils "^1.0.1"

inherits@^2.0.3, inherits@^2.0.4:
  version "2.0.4"
  resolved "https://registry.npmjs.org/inherits/-/inherits-2.0.4.tgz"
  integrity sha512-k/vGaX4/Yla3WzyMCvTQOXYeIHvqOKtnqBduzTHpzpQZzAskKMhZ2K+EnBiSM9zGSoIFeMpXKxa4dYeZIQqewQ==

isomorphic-ws@5.0.0:
  version "5.0.0"
  resolved "https://registry.yarnpkg.com/isomorphic-ws/-/isomorphic-ws-5.0.0.tgz#e5529148912ecb9b451b46ed44d53dae1ce04bbf"
  integrity sha512-muId7Zzn9ywDsyXgTIafTry2sV3nySZeUDe6YedVd1Hvuuep5AsIlqK+XefWpYTyJG5e503F2xIuT2lcU6rCSw==

js-sha3@0.8.0:
  version "0.8.0"
  resolved "https://registry.npmjs.org/js-sha3/-/js-sha3-0.8.0.tgz"
  integrity sha512-gF1cRrHhIzNfToc802P800N8PpXS+evLLXfsVpowqmAFR9uwbi89WvXg2QspOmXL8QL86J4T1EpFu+yUkwJY3Q==

lz-string@^1.4.4:
  version "1.5.0"
  resolved "https://registry.npmjs.org/lz-string/-/lz-string-1.5.0.tgz"
  integrity sha512-h5bgJWpxJNswbU7qCrV0tIKQCaS3blPDrqKWx+QxzuzL1zGUzij9XCWLrSLsJPu5t+eWA/ycetzYAO5IOMcWAQ==

minimalistic-assert@^1.0.0, minimalistic-assert@^1.0.1:
  version "1.0.1"
  resolved "https://registry.npmjs.org/minimalistic-assert/-/minimalistic-assert-1.0.1.tgz"
  integrity sha512-UtJcAD4yEaGtjPezWuO9wC4nwUnVH/8/Im3yEHQP4b67cXlD/Qr9hdITCU1xDbSEXg2XKNaP8jsReV7vQd00/A==

minimalistic-crypto-utils@^1.0.1:
  version "1.0.1"
  resolved "https://registry.npmjs.org/minimalistic-crypto-utils/-/minimalistic-crypto-utils-1.0.1.tgz"
  integrity sha512-JIYlbt6g8i5jKfJ3xz7rF0LXmv2TkDxBLUkiBeZ7bAx4GnnNMr8xFpGnOxn6GhTEHx3SjRrZEoU+j04prX1ktg==

ms@2.1.2:
  version "2.1.2"
  resolved "https://registry.npmjs.org/ms/-/ms-2.1.2.tgz"
  integrity sha512-sGkPx+VjMtmA6MX27oA4FBFELFCZZ4S4XqeGOXCv68tT+jb3vk/RyaKWP0PTKyWtmLSM0b+adUTEvbs1PEaH2w==

node-domexception@^1.0.0:
  version "1.0.0"
  resolved "https://registry.yarnpkg.com/node-domexception/-/node-domexception-1.0.0.tgz#6888db46a1f71c0b76b3f7555016b63fe64766e5"
  integrity sha512-/jKZoMpw0F8GRwl4/eLROPA3cfcXtLApP0QzLmUT/HuPCZWyB7IY9ZrMeKw2O/nFIqPQB3PVM9aYm0F312AXDQ==

node-fetch@3.3.1:
  version "3.3.1"
  resolved "https://registry.yarnpkg.com/node-fetch/-/node-fetch-3.3.1.tgz#b3eea7b54b3a48020e46f4f88b9c5a7430d20b2e"
  integrity sha512-cRVc/kyto/7E5shrWca1Wsea4y6tL9iYJE5FBCius3JQfb/4P4I295PfhgbJQBLTx6lATE4z+wK0rPM4VS2uow==
  dependencies:
    data-uri-to-buffer "^4.0.0"
    fetch-blob "^3.1.4"
    formdata-polyfill "^4.0.10"

scrypt-js@3.0.1:
  version "3.0.1"
  resolved "https://registry.npmjs.org/scrypt-js/-/scrypt-js-3.0.1.tgz"
  integrity sha512-cdwTTnqPu0Hyvf5in5asVdZocVDTNRmR7XEcJuIzMjJeSHybHl7vpB66AzwTaIg6CLSbtjcxc8fqcySfnTkccA==

secure-ls@1.2.6:
  version "1.2.6"
  resolved "https://registry.npmjs.org/secure-ls/-/secure-ls-1.2.6.tgz"
  integrity sha512-g8vUSKl6elSfyAUHodybnNkuZW+mUYEOWj4SZIDg+xoQ1dq5ddktBoOFrtxQBUl88ZyAJOtGWQ1PRaOxkTAuZQ==
  dependencies:
    crypto-js "^3.1.6"
    lz-string "^1.4.4"

uuid@9.0.0:
  version "9.0.0"
  resolved "https://registry.yarnpkg.com/uuid/-/uuid-9.0.0.tgz#592f550650024a38ceb0c562f2f6aa435761efb5"
  integrity sha512-MXcSTerfPa4uqyzStbRoTgt5XIe3x5+42+q1sDuy3R5MDk66URdLMOZe5aPX/SQd+kuYAh0FdP/pO28IkQyTeg==

web-streams-polyfill@^3.0.3:
  version "3.2.1"
  resolved "https://registry.yarnpkg.com/web-streams-polyfill/-/web-streams-polyfill-3.2.1.tgz#71c2718c52b45fd49dbeee88634b3a60ceab42a6"
  integrity sha512-e0MO3wdXWKrLbL0DgGnUV7WHVuw9OUvL4hjgnPkIeEvESk74gAITi5G606JtZPp39cd8HA9VQzCIvA49LpPN5Q==

ws@8.12.1:
  version "8.12.1"
  resolved "https://registry.yarnpkg.com/ws/-/ws-8.12.1.tgz#c51e583d79140b5e42e39be48c934131942d4a8f"
  integrity sha512-1qo+M9Ba+xNhPB+YTWUlK6M17brTut5EXbcBaMRN5pH5dFrXz7lzz1ChFSUq3bOUl8yEvSenhHmYUNJxFzdJew==

ws@8.13.0:
  version "8.13.0"
  resolved "https://registry.yarnpkg.com/ws/-/ws-8.13.0.tgz#9a9fb92f93cf41512a0735c8f4dd09b8a1211cd0"
  integrity sha512-x9vcZYTrFPC7aSIbj7sRCYo7L/Xb8Iy+pW0ng0wt2vCJv7M9HOMy0UoN3rr+IFC7hb7vXoqS+P9ktyLLLhO+LA==
