# THIS IS AN AUTOGENERATED FILE. DO NOT EDIT THIS FILE DIRECTLY.
# yarn lockfile v1


"@bitauth/libauth@1.19.1":
  version "1.19.1"
  resolved "https://registry.yarnpkg.com/@bitauth/libauth/-/libauth-1.19.1.tgz#713751bbc09815b667f8fe00a1cc5b0f3bf45dd1"
  integrity sha512-R524tD5VwOt3QRHr7N518nqTVR/HKgfWL4LypekcGuNQN8R4PWScvuRcRzrY39A28kLztMv+TJdiKuMNbkU1ug==
