# THIS IS AN AUTOGENERATED FILE. DO NOT EDIT THIS FILE DIRECTLY.
# yarn lockfile v1


"@bitauth/libauth@1.19.1":
  version "1.19.1"
  resolved "https://registry.yarnpkg.com/@bitauth/libauth/-/libauth-1.19.1.tgz#713751bbc09815b667f8fe00a1cc5b0f3bf45dd1"
  integrity sha512-R524tD5VwOt3QRHr7N518nqTVR/HKgfWL4LypekcGuNQN8R4PWScvuRcRzrY39A28kLztMv+TJdiKuMNbkU1ug==

"@ethersproject/abstract-provider@^5.7.0":
  version "5.7.0"
  resolved "https://registry.yarnpkg.com/@ethersproject/abstract-provider/-/abstract-provider-5.7.0.tgz#b0a8550f88b6bf9d51f90e4795d48294630cb9ef"
  integrity sha512-R41c9UkchKCpAqStMYUpdunjo3pkEvZC3FAwZn5S5MGbXoMQOHIdHItezTETxAO5bevtMApSyEhn9+CHcDsWBw==
  dependencies:
    "@ethersproject/bignumber" "^5.7.0"
    "@ethersproject/bytes" "^5.7.0"
    "@ethersproject/logger" "^5.7.0"
    "@ethersproject/networks" "^5.7.0"
    "@ethersproject/properties" "^5.7.0"
    "@ethersproject/transactions" "^5.7.0"
    "@ethersproject/web" "^5.7.0"

"@ethersproject/abstract-signer@^5.7.0":
  version "5.7.0"
  resolved "https://registry.yarnpkg.com/@ethersproject/abstract-signer/-/abstract-signer-5.7.0.tgz#13f4f32117868452191a4649723cb086d2b596b2"
  integrity sha512-a16V8bq1/Cz+TGCkE2OPMTOUDLS3grCpdjoJCYNnVBbdYEMSgKrU0+B90s8b6H+ByYTBZN7a3g76jdIJi7UfKQ==
  dependencies:
    "@ethersproject/abstract-provider" "^5.7.0"
    "@ethersproject/bignumber" "^5.7.0"
    "@ethersproject/bytes" "^5.7.0"
    "@ethersproject/logger" "^5.7.0"
    "@ethersproject/properties" "^5.7.0"

"@ethersproject/address@^5.7.0":
  version "5.7.0"
  resolved "https://registry.yarnpkg.com/@ethersproject/address/-/address-5.7.0.tgz#19b56c4d74a3b0a46bfdbb6cfcc0a153fc697f37"
  integrity sha512-9wYhYt7aghVGo758POM5nqcOMaE168Q6aRLJZwUmiqSrAungkG74gSSeKEIR7ukixesdRZGPgVqme6vmxs1fkA==
  dependencies:
    "@ethersproject/bignumber" "^5.7.0"
    "@ethersproject/bytes" "^5.7.0"
    "@ethersproject/keccak256" "^5.7.0"
    "@ethersproject/logger" "^5.7.0"
    "@ethersproject/rlp" "^5.7.0"

"@ethersproject/base64@^5.7.0":
  version "5.7.0"
  resolved "https://registry.yarnpkg.com/@ethersproject/base64/-/base64-5.7.0.tgz#ac4ee92aa36c1628173e221d0d01f53692059e1c"
  integrity sha512-Dr8tcHt2mEbsZr/mwTPIQAf3Ai0Bks/7gTw9dSqk1mQvhW3XvRlmDJr/4n+wg1JmCl16NZue17CDh8xb/vZ0sQ==
  dependencies:
    "@ethersproject/bytes" "^5.7.0"

"@ethersproject/basex@^5.7.0":
  version "5.7.0"
  resolved "https://registry.yarnpkg.com/@ethersproject/basex/-/basex-5.7.0.tgz#97034dc7e8938a8ca943ab20f8a5e492ece4020b"
  integrity sha512-ywlh43GwZLv2Voc2gQVTKBoVQ1mti3d8HK5aMxsfu/nRDnMmNqaSJ3r3n85HBByT8OpoY96SXM1FogC533T4zw==
  dependencies:
    "@ethersproject/bytes" "^5.7.0"
    "@ethersproject/properties" "^5.7.0"

"@ethersproject/bignumber@^5.7.0":
  version "5.7.0"
  resolved "https://registry.yarnpkg.com/@ethersproject/bignumber/-/bignumber-5.7.0.tgz#e2f03837f268ba655ffba03a57853e18a18dc9c2"
  integrity sha512-n1CAdIHRWjSucQO3MC1zPSVgV/6dy/fjL9pMrPP9peL+QxEg9wOsVqwD4+818B6LUEtaXzVHQiuivzRoxPxUGw==
  dependencies:
    "@ethersproject/bytes" "^5.7.0"
    "@ethersproject/logger" "^5.7.0"
    bn.js "^5.2.1"

"@ethersproject/bytes@^5.7.0":
  version "5.7.0"
  resolved "https://registry.yarnpkg.com/@ethersproject/bytes/-/bytes-5.7.0.tgz#a00f6ea8d7e7534d6d87f47188af1148d71f155d"
  integrity sha512-nsbxwgFXWh9NyYWo+U8atvmMsSdKJprTcICAkvbBffT75qDocbuggBU0SJiVK2MuTrp0q+xvLkTnGMPK1+uA9A==
  dependencies:
    "@ethersproject/logger" "^5.7.0"

"@ethersproject/constants@^5.7.0":
  version "5.7.0"
  resolved "https://registry.yarnpkg.com/@ethersproject/constants/-/constants-5.7.0.tgz#df80a9705a7e08984161f09014ea012d1c75295e"
  integrity sha512-DHI+y5dBNvkpYUMiRQyxRBYBefZkJfo70VUkUAsRjcPs47muV9evftfZ0PJVCXYbAiCgght0DtcF9srFQmIgWA==
  dependencies:
    "@ethersproject/bignumber" "^5.7.0"

"@ethersproject/hash@^5.7.0":
  version "5.7.0"
  resolved "https://registry.yarnpkg.com/@ethersproject/hash/-/hash-5.7.0.tgz#eb7aca84a588508369562e16e514b539ba5240a7"
  integrity sha512-qX5WrQfnah1EFnO5zJv1v46a8HW0+E5xuBBDTwMFZLuVTx0tbU2kkx15NqdjxecrLGatQN9FGQKpb1FKdHCt+g==
  dependencies:
    "@ethersproject/abstract-signer" "^5.7.0"
    "@ethersproject/address" "^5.7.0"
    "@ethersproject/base64" "^5.7.0"
    "@ethersproject/bignumber" "^5.7.0"
    "@ethersproject/bytes" "^5.7.0"
    "@ethersproject/keccak256" "^5.7.0"
    "@ethersproject/logger" "^5.7.0"
    "@ethersproject/properties" "^5.7.0"
    "@ethersproject/strings" "^5.7.0"

"@ethersproject/hdnode@5.7.0":
  version "5.7.0"
  resolved "https://registry.yarnpkg.com/@ethersproject/hdnode/-/hdnode-5.7.0.tgz#e627ddc6b466bc77aebf1a6b9e47405ca5aef9cf"
  integrity sha512-OmyYo9EENBPPf4ERhR7oj6uAtUAhYGqOnIS+jE5pTXvdKBS99ikzq1E7Iv0ZQZ5V36Lqx1qZLeak0Ra16qpeOg==
  dependencies:
    "@ethersproject/abstract-signer" "^5.7.0"
    "@ethersproject/basex" "^5.7.0"
    "@ethersproject/bignumber" "^5.7.0"
    "@ethersproject/bytes" "^5.7.0"
    "@ethersproject/logger" "^5.7.0"
    "@ethersproject/pbkdf2" "^5.7.0"
    "@ethersproject/properties" "^5.7.0"
    "@ethersproject/sha2" "^5.7.0"
    "@ethersproject/signing-key" "^5.7.0"
    "@ethersproject/strings" "^5.7.0"
    "@ethersproject/transactions" "^5.7.0"
    "@ethersproject/wordlists" "^5.7.0"

"@ethersproject/keccak256@^5.7.0":
  version "5.7.0"
  resolved "https://registry.yarnpkg.com/@ethersproject/keccak256/-/keccak256-5.7.0.tgz#3186350c6e1cd6aba7940384ec7d6d9db01f335a"
  integrity sha512-2UcPboeL/iW+pSg6vZ6ydF8tCnv3Iu/8tUmLLzWWGzxWKFFqOBQFLo6uLUv6BDrLgCDfN28RJ/wtByx+jZ4KBg==
  dependencies:
    "@ethersproject/bytes" "^5.7.0"
    js-sha3 "0.8.0"

"@ethersproject/logger@^5.7.0":
  version "5.7.0"
  resolved "https://registry.yarnpkg.com/@ethersproject/logger/-/logger-5.7.0.tgz#6ce9ae168e74fecf287be17062b590852c311892"
  integrity sha512-0odtFdXu/XHtjQXJYA3u9G0G8btm0ND5Cu8M7i5vhEcE8/HmF4Lbdqanwyv4uQTr2tx6b7fQRmgLrsnpQlmnig==

"@ethersproject/networks@^5.7.0":
  version "5.7.1"
  resolved "https://registry.yarnpkg.com/@ethersproject/networks/-/networks-5.7.1.tgz#118e1a981d757d45ccea6bb58d9fd3d9db14ead6"
  integrity sha512-n/MufjFYv3yFcUyfhnXotyDlNdFb7onmkSy8aQERi2PjNcnWQ66xXxa3XlS8nCcA8aJKJjIIMNJTC7tu80GwpQ==
  dependencies:
    "@ethersproject/logger" "^5.7.0"

"@ethersproject/pbkdf2@^5.7.0":
  version "5.7.0"
  resolved "https://registry.yarnpkg.com/@ethersproject/pbkdf2/-/pbkdf2-5.7.0.tgz#d2267d0a1f6e123f3771007338c47cccd83d3102"
  integrity sha512-oR/dBRZR6GTyaofd86DehG72hY6NpAjhabkhxgr3X2FpJtJuodEl2auADWBZfhDHgVCbu3/H/Ocq2uC6dpNjjw==
  dependencies:
    "@ethersproject/bytes" "^5.7.0"
    "@ethersproject/sha2" "^5.7.0"

"@ethersproject/properties@^5.7.0":
  version "5.7.0"
  resolved "https://registry.yarnpkg.com/@ethersproject/properties/-/properties-5.7.0.tgz#a6e12cb0439b878aaf470f1902a176033067ed30"
  integrity sha512-J87jy8suntrAkIZtecpxEPxY//szqr1mlBaYlQ0r4RCaiD2hjheqF9s1LVE8vVuJCXisjIP+JgtK/Do54ej4Sw==
  dependencies:
    "@ethersproject/logger" "^5.7.0"

"@ethersproject/random@5.7.0":
  version "5.7.0"
  resolved "https://registry.yarnpkg.com/@ethersproject/random/-/random-5.7.0.tgz#af19dcbc2484aae078bb03656ec05df66253280c"
  integrity sha512-19WjScqRA8IIeWclFme75VMXSBvi4e6InrUNuaR4s5pTF2qNhcGdCUwdxUVGtDDqC00sDLCO93jPQoDUH4HVmQ==
  dependencies:
    "@ethersproject/bytes" "^5.7.0"
    "@ethersproject/logger" "^5.7.0"

"@ethersproject/rlp@^5.7.0":
  version "5.7.0"
  resolved "https://registry.yarnpkg.com/@ethersproject/rlp/-/rlp-5.7.0.tgz#de39e4d5918b9d74d46de93af80b7685a9c21304"
  integrity sha512-rBxzX2vK8mVF7b0Tol44t5Tb8gomOHkj5guL+HhzQ1yBh/ydjGnpw6at+X6Iw0Kp3OzzzkcKp8N9r0W4kYSs9w==
  dependencies:
    "@ethersproject/bytes" "^5.7.0"
    "@ethersproject/logger" "^5.7.0"

"@ethersproject/sha2@^5.7.0":
  version "5.7.0"
  resolved "https://registry.yarnpkg.com/@ethersproject/sha2/-/sha2-5.7.0.tgz#9a5f7a7824ef784f7f7680984e593a800480c9fb"
  integrity sha512-gKlH42riwb3KYp0reLsFTokByAKoJdgFCwI+CCiX/k+Jm2mbNs6oOaCjYQSlI1+XBVejwH2KrmCbMAT/GnRDQw==
  dependencies:
    "@ethersproject/bytes" "^5.7.0"
    "@ethersproject/logger" "^5.7.0"
    hash.js "1.1.7"

"@ethersproject/signing-key@^5.7.0":
  version "5.7.0"
  resolved "https://registry.yarnpkg.com/@ethersproject/signing-key/-/signing-key-5.7.0.tgz#06b2df39411b00bc57c7c09b01d1e41cf1b16ab3"
  integrity sha512-MZdy2nL3wO0u7gkB4nA/pEf8lu1TlFswPNmy8AiYkfKTdO6eXBJyUdmHO/ehm/htHw9K/qF8ujnTyUAD+Ry54Q==
  dependencies:
    "@ethersproject/bytes" "^5.7.0"
    "@ethersproject/logger" "^5.7.0"
    "@ethersproject/properties" "^5.7.0"
    bn.js "^5.2.1"
    elliptic "6.5.4"
    hash.js "1.1.7"

"@ethersproject/strings@^5.7.0":
  version "5.7.0"
  resolved "https://registry.yarnpkg.com/@ethersproject/strings/-/strings-5.7.0.tgz#54c9d2a7c57ae8f1205c88a9d3a56471e14d5ed2"
  integrity sha512-/9nu+lj0YswRNSH0NXYqrh8775XNyEdUQAuf3f+SmOrnVewcJ5SBNAjF7lpgehKi4abvNNXyf+HX86czCdJ8Mg==
  dependencies:
    "@ethersproject/bytes" "^5.7.0"
    "@ethersproject/constants" "^5.7.0"
    "@ethersproject/logger" "^5.7.0"

"@ethersproject/transactions@^5.7.0":
  version "5.7.0"
  resolved "https://registry.yarnpkg.com/@ethersproject/transactions/-/transactions-5.7.0.tgz#91318fc24063e057885a6af13fdb703e1f993d3b"
  integrity sha512-kmcNicCp1lp8qanMTC3RIikGgoJ80ztTyvtsFvCYpSCfkjhD0jZ2LOrnbcuxuToLIUYYf+4XwD1rP+B/erDIhQ==
  dependencies:
    "@ethersproject/address" "^5.7.0"
    "@ethersproject/bignumber" "^5.7.0"
    "@ethersproject/bytes" "^5.7.0"
    "@ethersproject/constants" "^5.7.0"
    "@ethersproject/keccak256" "^5.7.0"
    "@ethersproject/logger" "^5.7.0"
    "@ethersproject/properties" "^5.7.0"
    "@ethersproject/rlp" "^5.7.0"
    "@ethersproject/signing-key" "^5.7.0"

"@ethersproject/web@^5.7.0":
  version "5.7.1"
  resolved "https://registry.yarnpkg.com/@ethersproject/web/-/web-5.7.1.tgz#de1f285b373149bee5928f4eb7bcb87ee5fbb4ae"
  integrity sha512-Gueu8lSvyjBWL4cYsWsjh6MtMwM0+H4HvqFPZfB6dV8ctbP9zFAO73VG1cMWae0FLPCtz0peKPpZY8/ugJJX2w==
  dependencies:
    "@ethersproject/base64" "^5.7.0"
    "@ethersproject/bytes" "^5.7.0"
    "@ethersproject/logger" "^5.7.0"
    "@ethersproject/properties" "^5.7.0"
    "@ethersproject/strings" "^5.7.0"

"@ethersproject/wordlists@^5.7.0":
  version "5.7.0"
  resolved "https://registry.yarnpkg.com/@ethersproject/wordlists/-/wordlists-5.7.0.tgz#8fb2c07185d68c3e09eb3bfd6e779ba2774627f5"
  integrity sha512-S2TFNJNfHWVHNE6cNDjbVlZ6MgE17MIxMbMg2zv3wn+3XSJGosL1m9ZVv3GXCf/2ymSsQ+hRI5IzoMJTG6aoVA==
  dependencies:
    "@ethersproject/bytes" "^5.7.0"
    "@ethersproject/hash" "^5.7.0"
    "@ethersproject/logger" "^5.7.0"
    "@ethersproject/properties" "^5.7.0"
    "@ethersproject/strings" "^5.7.0"

"@nexajs/address@23.11.2":
  version "23.11.2"
  resolved "https://registry.yarnpkg.com/@nexajs/address/-/address-23.11.2.tgz#6ea074a1a88facb65c8d38ee5bad9e42df43be31"
  integrity sha512-2HS/S1AGhZDNVfIeo2rO1ZwZiZxgmIRHwsuBsaofYtPYwMt1LeFgmEkgI9dLpjCp0jAsJ7j3vx8UTALjof6qAA==
  dependencies:
    "@bitauth/libauth" "1.19.1"
    "@nexajs/crypto" "23.5.22"
    "@nexajs/rostrum" "23.11.2"
    "@nexajs/script" "23.10.8"
    "@nexajs/utils" "23.7.22"
    big-integer "1.6.51"
    debug "4.3.4"
    graphql "16.6.0"
    graphql-ws "5.12.0"
    ws "8.13.0"

"@nexajs/address@23.12.3":
  version "23.12.3"
  resolved "https://registry.yarnpkg.com/@nexajs/address/-/address-23.12.3.tgz#ac4353995360a1b12f2cea901d0f09fc5355e7f2"
  integrity sha512-C+UXMU+PNkBhG2oB0hCGgb8btcJIAhw9mlLOEHpVEqohmi5YNp17TRWKA6YMGmcgEpEl9mhzPZzVr9D8SSHYVQ==
  dependencies:
    "@bitauth/libauth" "1.19.1"
    "@nexajs/crypto" "23.11.15"
    "@nexajs/rostrum" "23.12.1"
    "@nexajs/script" "23.12.3"
    "@nexajs/utils" "23.7.22"
    big-integer "1.6.51"
    debug "4.3.4"
    dotenv "16.3.1"
    graphql "16.6.0"
    graphql-ws "5.12.0"
    ws "8.13.0"

"@nexajs/address@23.12.5":
  version "23.12.5"
  resolved "https://registry.yarnpkg.com/@nexajs/address/-/address-23.12.5.tgz#2fe5b0e2ebe77513a2d170edd19997ae13745e59"
  integrity sha512-Rt1jvPoXBpRreAspnWzp5jTNKL3NyHv4bgyZxlSy5cSQksDLOIZZ7Y6VCt++s3F3pKyK+7ihN94sXhxHeqYzLg==
  dependencies:
    "@bitauth/libauth" "1.19.1"
    "@nexajs/crypto" "23.11.15"
    "@nexajs/rostrum" "23.12.1"
    "@nexajs/script" "23.12.3"
    "@nexajs/utils" "23.7.22"
    big-integer "1.6.51"
    debug "4.3.4"
    dotenv "16.3.1"
    graphql "16.6.0"
    graphql-ws "5.12.0"
    ws "8.13.0"

"@nexajs/address@23.9.3":
  version "23.9.3"
  resolved "https://registry.yarnpkg.com/@nexajs/address/-/address-23.9.3.tgz#d2937c3d706c8042dcf7738ecfd3165bb3938359"
  integrity sha512-5bistKEhhN1YqU20YgR8SYGF1HJPAYrEC2OT4+eWRcJ+PCOqZgiArLWrpDxaMgZc3PY3A1t53hcrM9M5PXqrcg==
  dependencies:
    "@nexajs/rostrum" "23.8.30"
    big-integer "1.6.51"
    debug "4.3.4"
    graphql "16.6.0"
    graphql-ws "5.12.0"
    ws "8.13.0"

"@nexajs/app@23.9.4":
  version "23.9.4"
  resolved "https://registry.yarnpkg.com/@nexajs/app/-/app-23.9.4.tgz#471757c416ab9a2ca30b577af8dc0b6d51a3ed9f"
  integrity sha512-0KI25JSOja0jh70aGwNQHrRH6XvktlJbWT3Pr4cOn5Gdxmuz3ImNQs2ebhQbGUmja3hpVI5YsuISHOVaVv7BvA==
  dependencies:
    debug "4.3.4"
    events "3.3.0"

"@nexajs/crypto@23.11.15":
  version "23.11.15"
  resolved "https://registry.yarnpkg.com/@nexajs/crypto/-/crypto-23.11.15.tgz#df981ea9a6445de2e518142856a312beebdba0fa"
  integrity sha512-8h+1UUX+4QetEbmD1D8GEaaHyOKdW+xtJxvVwxpaZSPtws3Of7+FtO0XTrGWKMsEP+BGK1HfjzsTZD19NEJcMw==
  dependencies:
    "@ethersproject/random" "5.7.0"
    "@nexajs/utils" "23.7.22"
    crypto-js "4.2.0"
    debug "4.3.4"
    events "3.3.0"
    scrypt-js "3.0.1"
    secure-ls "1.2.6"

"@nexajs/crypto@23.5.22":
  version "23.5.22"
  resolved "https://registry.yarnpkg.com/@nexajs/crypto/-/crypto-23.5.22.tgz#1ca8e76cc18e159d18ef59f08368135dfcafee88"
  integrity sha512-2rKBRYsWKbtD7trTa25sOAN0TuAuz7RGU7eLMDLBtgLoIbIrQ6Q8amA4BlPyLNpjc4Og/KWbncSqRrXIvpm5Lw==
  dependencies:
    "@ethersproject/random" "5.7.0"
    "@nexajs/utils" "23.5.15"
    crypto-js "4.1.1"
    debug "4.3.4"
    events "3.3.0"
    scrypt-js "3.0.1"
    secure-ls "1.2.6"

"@nexajs/hdnode@23.12.3":
  version "23.12.3"
  resolved "https://registry.yarnpkg.com/@nexajs/hdnode/-/hdnode-23.12.3.tgz#634934d4c6d392fed0ccd90552c54713f6a3a700"
  integrity sha512-gOzyM9Xo9LWt5JE1bEof5euYshvVVGSLOL8Xobc9JM0dg85azFInazLD0Fv/T518jTn/BrXEuYsjbf0tjBFY9A==
  dependencies:
    "@bitauth/libauth" "1.19.1"
    "@ethersproject/hdnode" "5.7.0"
    "@nexajs/address" "23.12.3"
    "@nexajs/script" "23.10.8"
    "@nexajs/utils" "23.7.22"
    debug "4.3.4"
    dotenv "16.3.1"

"@nexajs/hdnode@23.9.3":
  version "23.9.3"
  resolved "https://registry.yarnpkg.com/@nexajs/hdnode/-/hdnode-23.9.3.tgz#125967148155a738bd4b96639fb664911c810ece"
  integrity sha512-MRQ7TUFbU6P4/AAXlrUyI6FltzMcU7aTsQzdw/eyl1P8QDmQaDM0461yUgpjOGkBM8o9kzi2RtKg5+Kjlg1NRw==
  dependencies:
    "@bitauth/libauth" "1.19.1"
    "@ethersproject/hdnode" "5.7.0"
    "@nexajs/address" "23.9.3"
    "@nexajs/script" "23.9.2"
    "@nexajs/utils" "23.7.22"
    debug "4.3.4"

"@nexajs/id@23.5.15":
  version "23.5.15"
  resolved "https://registry.yarnpkg.com/@nexajs/id/-/id-23.5.15.tgz#65202872882201d10ad66e1a98192a492558130e"
  integrity sha512-1lcdbheINdPd7HrMHKEvHAiTnm94kMBQpvEmDns9ijuqCZMzfauxY5khbwdAMlrIZHXlheuRn9HJUqDqwIzA+A==
  dependencies:
    debug "4.3.4"
    events "3.3.0"
    uuid "9.0.0"
    zxcvbn "4.4.2"

"@nexajs/market@23.12.3":
  version "23.12.3"
  resolved "https://registry.yarnpkg.com/@nexajs/market/-/market-23.12.3.tgz#ecab5b09177903a00c54f94512aa0b172151b9d7"
  integrity sha512-TWyUIQuP6U/3ho5u7mVzH4bUQwmtZEWZdnYWT6qtOQjZ7LgZCxKVWAEjeGHiROKn+FAdR96ZFnYxiVr6D908Gg==
  dependencies:
    "@nexajs/provider" "23.12.1"
    "@nexajs/transaction" "23.12.3"
    debug "4.3.4"
    dotenv "16.3.1"
    events "3.3.0"
    moment "2.29.4"
    numeral "2.0.6"
    uuid "9.0.0"

"@nexajs/message@23.9.2":
  version "23.9.2"
  resolved "https://registry.yarnpkg.com/@nexajs/message/-/message-23.9.2.tgz#fc55b9d58a32e02172a306851d425cf74f6ddcc9"
  integrity sha512-TGPovcvWMom4mgyqhtgwUmxby3cbwJS0gPYgOtbKdXrcoY8Qaz57svh8KFeGa+emJh7fIk5hFOipvrlMte3hlw==
  dependencies:
    "@bitauth/libauth" "1.19.1"
    debug "4.3.4"
    events "3.3.0"

"@nexajs/provider@23.12.1":
  version "23.12.1"
  resolved "https://registry.yarnpkg.com/@nexajs/provider/-/provider-23.12.1.tgz#f64c6dba011c298dd4b82e72dc7ac78b51d6ebda"
  integrity sha512-SxbDbtou0wMPRQepsuNkLOoa2obXgeQNMNPrOHS8Q3WhN/l3jOlYTEZXrmwwtlJlmwlngI9VstSt2nB+qc+opw==
  dependencies:
    debug "4.3.4"
    dotenv "16.3.1"
    events "3.3.0"
    isomorphic-ws "5.0.0"
    ws "8.13.0"

"@nexajs/provider@23.6.21":
  version "23.6.21"
  resolved "https://registry.yarnpkg.com/@nexajs/provider/-/provider-23.6.21.tgz#6f7e63b29d42ae0621d74e0dcf5a6a5301a8052b"
  integrity sha512-qin/4nKNStmt/oq26zsXjofY6O8Y6D0TkgJn0Rp5mxY3Ri05tg+zEarkynurgxbmHXwf8S2M4f4YScN+BD4Eyw==
  dependencies:
    debug "4.3.4"
    events "3.3.0"
    isomorphic-ws "5.0.0"
    ws "8.13.0"

"@nexajs/purse@23.11.14":
  version "23.11.14"
  resolved "https://registry.yarnpkg.com/@nexajs/purse/-/purse-23.11.14.tgz#2969b72ee3e42800dd0bca92794ef7f5dce32de6"
  integrity sha512-WXQ07DzaH+0dvbjA6tmOpJjAnWMPanMx5AmKtrpXifPGbERlxl2KzjocmhI8erTwHOXD85a/gsP7EwqCXvUYcQ==
  dependencies:
    "@nexajs/address" "23.11.2"
    "@nexajs/hdnode" "23.9.3"
    "@nexajs/provider" "23.6.21"
    "@nexajs/transaction" "23.11.14"
    debug "4.3.4"
    events "3.3.0"

"@nexajs/request@23.5.15":
  version "23.5.15"
  resolved "https://registry.yarnpkg.com/@nexajs/request/-/request-23.5.15.tgz#17bd463def47e4abf3a80a2577b10e4e5de4cd35"
  integrity sha512-OVBw5jMedCkYF8GWlVqCjlcjd1b/33VKK9c21G1odSClh3gmr6pKJ7diYJmEku/lcFgh8RKEk4sX2q869jdL4g==
  dependencies:
    debug "4.3.4"
    events "3.3.0"
    node-fetch "3.3.1"

"@nexajs/rostrum@23.11.2":
  version "23.11.2"
  resolved "https://registry.yarnpkg.com/@nexajs/rostrum/-/rostrum-23.11.2.tgz#1db86d70c4dde9a880099677c0d7dfbe4251dede"
  integrity sha512-rwMlzSnbuytOI3rmDvxVxtVqBGwHoL3BdXMNQxoDtY1QMnQElCyhCFfPdL+u1QpmjWyNoUt9pK9icJ15OldL0A==
  dependencies:
    debug "4.3.4"
    events "3.3.0"
    isomorphic-ws "5.0.0"
    uuid "9.0.0"
    ws "8.12.1"

"@nexajs/rostrum@23.12.1":
  version "23.12.1"
  resolved "https://registry.yarnpkg.com/@nexajs/rostrum/-/rostrum-23.12.1.tgz#8760f0ede7e3e05b57cee8f7fecceea5aea2f143"
  integrity sha512-AXJP91JK+0MEFPGEDOLyY8lKsicmObrqupcIcfm1bzAExDEu6yRVBhRGlGOynnyNRROZPpKXICsUbZCWnawZUA==
  dependencies:
    debug "4.3.4"
    dotenv "16.3.1"
    events "3.3.0"
    isomorphic-ws "5.0.0"
    uuid "9.0.0"
    ws "8.12.1"

"@nexajs/rostrum@23.8.30":
  version "23.8.30"
  resolved "https://registry.yarnpkg.com/@nexajs/rostrum/-/rostrum-23.8.30.tgz#21fb8436b74ff8cb90cfcb8650f94a177bc11662"
  integrity sha512-WOOWAZ36BxJlxjtJgYRqDztNKCjjURFCTlP72TXbV1fW+AYxb4qy/nheS2JX0OgncvyMYsosyWMMiwKDjZGLLw==
  dependencies:
    debug "4.3.4"
    events "3.3.0"
    isomorphic-ws "5.0.0"
    uuid "9.0.0"
    ws "8.12.1"

"@nexajs/rpc@23.5.15":
  version "23.5.15"
  resolved "https://registry.yarnpkg.com/@nexajs/rpc/-/rpc-23.5.15.tgz#d8bb94f8f5027019d9dd6b0c43b3bf33a90e79f0"
  integrity sha512-yq93deGbnpL4ccYCdXEh/G5sRkzN/kTQ/5ezg0LLaH+7ZjEyIayAEf7UcTw5VSjeWMutvj/BHMvlEYl+th1aVA==
  dependencies:
    debug "4.3.4"
    events "3.3.0"
    superagent "8.0.6"

"@nexajs/script@23.10.8":
  version "23.10.8"
  resolved "https://registry.yarnpkg.com/@nexajs/script/-/script-23.10.8.tgz#34dd9b4814664b5b3dd237634dde16f172ade572"
  integrity sha512-+Ex62D89f50TbN7XSjcwPZlygWmsnpYlPFKu+QtD8WUyIodygqps2pGQ2ds0snaEjE85J6+WFSOjOmfHcLEAQw==
  dependencies:
    "@bitauth/libauth" "1.19.1"
    "@nexajs/utils" "23.7.22"
    debug "4.3.4"

"@nexajs/script@23.12.3":
  version "23.12.3"
  resolved "https://registry.yarnpkg.com/@nexajs/script/-/script-23.12.3.tgz#b69bf9e1871d9a8f2f06062a4ee6254b807c64be"
  integrity sha512-u7gcbqJOFEmkG7iGKOgp0i0pV2sN/LHUOWFFKXMiiP4hEyJn1Wp7sgbdpE/KkhiuNG63Fm+XrfQhjh8K8F/mDg==
  dependencies:
    "@bitauth/libauth" "1.19.1"
    "@nexajs/utils" "23.7.22"
    debug "4.3.4"
    dotenv "16.3.1"

"@nexajs/script@23.9.2":
  version "23.9.2"
  resolved "https://registry.yarnpkg.com/@nexajs/script/-/script-23.9.2.tgz#c28ae36a0265f4237d4aa7674350f9c3d28ae0c0"
  integrity sha512-B/4xoiQi5Hl40ymWChNXWj+rMupQWYz6CV6YVrQydUg5PJJpSe7S2GJC5xZ5qQbYZ7/Octs08d/ngpQ+BfbPbA==
  dependencies:
    "@bitauth/libauth" "1.19.1"
    "@nexajs/utils" "23.7.22"
    debug "4.3.4"

"@nexajs/token@23.11.14":
  version "23.11.14"
  resolved "https://registry.yarnpkg.com/@nexajs/token/-/token-23.11.14.tgz#2aa51afb9ee5b0e989bb26b1cb8ea2cc83f38357"
  integrity sha512-DWir4lW7DuY3f7F3hT3IYSqYpAhuClAVElDdAUgil2M9BFmO/ErqGXcOj8731xwGSpOrmioHS+rdvj4jK5Unmg==
  dependencies:
    "@nexajs/address" "23.11.2"
    "@nexajs/crypto" "23.11.15"
    "@nexajs/hdnode" "23.9.3"
    "@nexajs/provider" "23.6.21"
    "@nexajs/script" "23.10.8"
    "@nexajs/transaction" "23.11.14"
    debug "4.3.4"
    events "3.3.0"

"@nexajs/transaction@23.11.14":
  version "23.11.14"
  resolved "https://registry.yarnpkg.com/@nexajs/transaction/-/transaction-23.11.14.tgz#dc422e89806f1f916b281c2452bcd99853000150"
  integrity sha512-QzFOVas/eG9mJmDJwerOCQzS8/Hslss4fk49DUAT4zn1O0TicvxAqqBn05HXp5+kdPh4LgFt+apI7pWFJaX0eQ==
  dependencies:
    "@bitauth/libauth" "1.19.1"
    "@nexajs/address" "23.11.2"
    "@nexajs/crypto" "23.11.15"
    "@nexajs/hdnode" "23.9.3"
    "@nexajs/script" "23.10.8"
    "@nexajs/utils" "23.7.22"
    debug "4.3.4"

"@nexajs/transaction@23.12.3":
  version "23.12.3"
  resolved "https://registry.yarnpkg.com/@nexajs/transaction/-/transaction-23.12.3.tgz#a7c3a98ccdb78df81e0eadfd097356037a803ae6"
  integrity sha512-U7CcES9kpG6NbzXrUGGV3uHGeltIB4si/9gu8xamIzg2Hud0/B29+hisPJAFhv6I8q7CfeW3aTtSnl71FvMvXA==
  dependencies:
    "@bitauth/libauth" "1.19.1"
    "@nexajs/address" "23.12.3"
    "@nexajs/crypto" "23.11.15"
    "@nexajs/hdnode" "23.12.3"
    "@nexajs/script" "23.12.3"
    "@nexajs/utils" "23.7.22"
    debug "4.3.4"
    dotenv "16.3.1"

"@nexajs/utils@23.5.15":
  version "23.5.15"
  resolved "https://registry.yarnpkg.com/@nexajs/utils/-/utils-23.5.15.tgz#d4773ecf37b6bc10b35f4c4aa6be12ee721c7763"
  integrity sha512-rDw49tjDJ6mqYQEEHeLtfMPZq8QFOzdFarYXz1Pa94k37kUKdxxSoZWdDnGKfFD7ec4Zm7BvcTp4AxAuvlMUrw==
  dependencies:
    debug "4.3.4"

"@nexajs/utils@23.7.22":
  version "23.7.22"
  resolved "https://registry.yarnpkg.com/@nexajs/utils/-/utils-23.7.22.tgz#528a2d0fbb0c9db200f0b2ca877560d26944d33f"
  integrity sha512-8gX+YgXJOwxr+F5u91WqOZ9vV/xydSOUbZuHiOGjDirBG1MAsSb33MBhuW21ZuZrYtC3md589UhHBtai3QjAdw==
  dependencies:
    debug "4.3.4"

"@nexajs/wallet@23.11.14":
  version "23.11.14"
  resolved "https://registry.yarnpkg.com/@nexajs/wallet/-/wallet-23.11.14.tgz#cbee8dc586aba4613e866d085f5b01f365bde59e"
  integrity sha512-Wri/gmnZoO8SMcwQZqj8e9ODxS1BI1xii+I/ezb5icD80wywjJvdKBhBQH/PKNmxfUN2PUhfRsAO6E7rFZCf4w==
  dependencies:
    "@bitauth/libauth" "1.19.1"
    "@nexajs/address" "23.11.2"
    "@nexajs/crypto" "23.11.15"
    "@nexajs/hdnode" "23.9.3"
    "@nexajs/purse" "23.11.14"
    "@nexajs/rostrum" "23.11.2"
    "@nexajs/script" "23.10.8"
    "@nexajs/token" "23.11.14"
    cross-fetch "4.0.0"
    debug "4.3.4"
    events "3.3.0"
    numeral "2.0.6"

asap@^2.0.0:
  version "2.0.6"
  resolved "https://registry.yarnpkg.com/asap/-/asap-2.0.6.tgz#e50347611d7e690943208bbdafebcbc2fb866d46"
  integrity sha512-BSHWgDSAiKs50o2Re8ppvp3seVHXSRM44cdSsT9FfNEUUZLOGWVCsiWaRPWM1Znn+mqZ1OfVZ3z3DWEzSp7hRA==

asynckit@^0.4.0:
  version "0.4.0"
  resolved "https://registry.yarnpkg.com/asynckit/-/asynckit-0.4.0.tgz#c79ed97f7f34cb8f2ba1bc9790bcc366474b4b79"
  integrity sha512-Oei9OH4tRh0YqU3GxhX79dM/mwVgvbZJaSNaRk+bshkj0S5cfHcgYakreBjrHwatXKbz+IoIdYLxrKim2MjW0Q==

big-integer@1.6.51:
  version "1.6.51"
  resolved "https://registry.yarnpkg.com/big-integer/-/big-integer-1.6.51.tgz#0df92a5d9880560d3ff2d5fd20245c889d130686"
  integrity sha512-GPEid2Y9QU1Exl1rpO9B2IPJGHPSupF5GnVIP0blYvNOMer2bTvSWs1jGOUg04hTmu67nmLsQ9TBo1puaotBHg==

bn.js@^4.11.9:
  version "4.12.0"
  resolved "https://registry.yarnpkg.com/bn.js/-/bn.js-4.12.0.tgz#775b3f278efbb9718eec7361f483fb36fbbfea88"
  integrity sha512-c98Bf3tPniI+scsdk237ku1Dc3ujXQTSgyiPUDEOe7tRkhrqridvh8klBv0HCEso1OLOYcHuCv/cS6DNxKH+ZA==

bn.js@^5.2.1:
  version "5.2.1"
  resolved "https://registry.yarnpkg.com/bn.js/-/bn.js-5.2.1.tgz#0bc527a6a0d18d0aa8d5b0538ce4a77dccfa7b70"
  integrity sha512-eXRvHzWyYPBuB4NBy0cmYQjGitUrtqwbvlzP3G6VFnNRbsZQIxQ10PbKKHt8gZ/HW/D/747aDl+QkDqg3KQLMQ==

brorand@^1.1.0:
  version "1.1.0"
  resolved "https://registry.yarnpkg.com/brorand/-/brorand-1.1.0.tgz#12c25efe40a45e3c323eb8675a0a0ce57b22371f"
  integrity sha512-cKV8tMCEpQs4hK/ik71d6LrPOnpkpGBR0wzxqr68g2m/LB2GxVYQroAjMJZRVM1Y4BCjCKc3vAamxSzOY2RP+w==

call-bind@^1.0.0:
  version "1.0.5"
  resolved "https://registry.yarnpkg.com/call-bind/-/call-bind-1.0.5.tgz#6fa2b7845ce0ea49bf4d8b9ef64727a2c2e2e513"
  integrity sha512-C3nQxfFZxFRVoJoGKKI8y3MOEo129NQ+FgQ08iye+Mk4zNZZGdjfs06bVTr+DBSlA66Q2VEcMki/cUCP4SercQ==
  dependencies:
    function-bind "^1.1.2"
    get-intrinsic "^1.2.1"
    set-function-length "^1.1.1"

combined-stream@^1.0.8:
  version "1.0.8"
  resolved "https://registry.yarnpkg.com/combined-stream/-/combined-stream-1.0.8.tgz#c3d45a8b34fd730631a110a8a2520682b31d5a7f"
  integrity sha512-FQN4MRfuJeHf7cBbBMJFXhKSDq+2kAArBlmRBvcvFE5BB1HZKXtSFASDhdlz9zOYwxh8lDdnvmMOe/+5cdoEdg==
  dependencies:
    delayed-stream "~1.0.0"

component-emitter@^1.3.0:
  version "1.3.0"
  resolved "https://registry.yarnpkg.com/component-emitter/-/component-emitter-1.3.0.tgz#16e4070fba8ae29b679f2215853ee181ab2eabc0"
  integrity sha512-Rd3se6QB+sO1TwqZjscQrurpEPIfO0/yYnSin6Q/rD3mOutHvUrCAhJub3r90uNb+SESBuE0QYoB90YdfatsRg==

cookiejar@^2.1.3:
  version "2.1.4"
  resolved "https://registry.yarnpkg.com/cookiejar/-/cookiejar-2.1.4.tgz#ee669c1fea2cf42dc31585469d193fef0d65771b"
  integrity sha512-LDx6oHrK+PhzLKJU9j5S7/Y3jM/mUHvD/DeI1WQmJn652iPC5Y4TBzC9l+5OMOXlyTTA+SmVUPm0HQUwpD5Jqw==

cross-fetch@4.0.0:
  version "4.0.0"
  resolved "https://registry.yarnpkg.com/cross-fetch/-/cross-fetch-4.0.0.tgz#f037aef1580bb3a1a35164ea2a848ba81b445983"
  integrity sha512-e4a5N8lVvuLgAWgnCrLr2PP0YyDOTHa9H/Rj54dirp61qXnNq46m82bRhNqIA5VccJtWBvPTFRV3TtvHUKPB1g==
  dependencies:
    node-fetch "^2.6.12"

crypto-js@4.1.1:
  version "4.1.1"
  resolved "https://registry.yarnpkg.com/crypto-js/-/crypto-js-4.1.1.tgz#9e485bcf03521041bd85844786b83fb7619736cf"
  integrity sha512-o2JlM7ydqd3Qk9CA0L4NL6mTzU2sdx96a+oOfPu8Mkl/PK51vSyoi8/rQ8NknZtk44vq15lmhAj9CIAGwgeWKw==

crypto-js@4.2.0:
  version "4.2.0"
  resolved "https://registry.yarnpkg.com/crypto-js/-/crypto-js-4.2.0.tgz#4d931639ecdfd12ff80e8186dba6af2c2e856631"
  integrity sha512-KALDyEYgpY+Rlob/iriUtjV6d5Eq+Y191A5g4UqLAi8CyGP9N1+FdVbkc1SxKc2r4YAYqG8JzO2KGL+AizD70Q==

crypto-js@^3.1.6:
  version "3.3.0"
  resolved "https://registry.yarnpkg.com/crypto-js/-/crypto-js-3.3.0.tgz#846dd1cce2f68aacfa156c8578f926a609b7976b"
  integrity sha512-DIT51nX0dCfKltpRiXV+/TVZq+Qq2NgF4644+K7Ttnla7zEzqc+kjJyiB96BHNyUTBxyjzRcZYpUdZa+QAqi6Q==

data-uri-to-buffer@^4.0.0:
  version "4.0.1"
  resolved "https://registry.yarnpkg.com/data-uri-to-buffer/-/data-uri-to-buffer-4.0.1.tgz#d8feb2b2881e6a4f58c2e08acfd0e2834e26222e"
  integrity sha512-0R9ikRb668HB7QDxT1vkpuUBtqc53YyAwMwGeUFKRojY/NWKvdZ+9UYtRfGmhqNbRkTSVpMbmyhXipFFv2cb/A==

debug@4.3.4, debug@^4.3.4:
  version "4.3.4"
  resolved "https://registry.yarnpkg.com/debug/-/debug-4.3.4.tgz#1319f6579357f2338d3337d2cdd4914bb5dcc865"
  integrity sha512-PRWFHuSU3eDtQJPvnNY7Jcket1j0t5OuOsFzPPzsekD52Zl8qUfFIPEiswXqIvHWGVHOgX+7G/vCNNhehwxfkQ==
  dependencies:
    ms "2.1.2"

define-data-property@^1.1.1:
  version "1.1.1"
  resolved "https://registry.yarnpkg.com/define-data-property/-/define-data-property-1.1.1.tgz#c35f7cd0ab09883480d12ac5cb213715587800b3"
  integrity sha512-E7uGkTzkk1d0ByLeSc6ZsFS79Axg+m1P/VsgYsxHgiuc3tFSj+MjMIwe90FC4lOAZzNBdY7kkO2P2wKdsQ1vgQ==
  dependencies:
    get-intrinsic "^1.2.1"
    gopd "^1.0.1"
    has-property-descriptors "^1.0.0"

delayed-stream@~1.0.0:
  version "1.0.0"
  resolved "https://registry.yarnpkg.com/delayed-stream/-/delayed-stream-1.0.0.tgz#df3ae199acadfb7d440aaae0b29e2272b24ec619"
  integrity sha512-ZySD7Nf91aLB0RxL4KGrKHBXl7Eds1DAmEdcoVawXnLD7SDhpNgtuII2aAkg7a7QS41jxPSZ17p4VdGnMHk3MQ==

dezalgo@^1.0.4:
  version "1.0.4"
  resolved "https://registry.yarnpkg.com/dezalgo/-/dezalgo-1.0.4.tgz#751235260469084c132157dfa857f386d4c33d81"
  integrity sha512-rXSP0bf+5n0Qonsb+SVVfNfIsimO4HEtmnIpPHY8Q1UCzKlQrDMfdobr8nJOOsRgWCyMRqeSBQzmWUMq7zvVig==
  dependencies:
    asap "^2.0.0"
    wrappy "1"

dotenv@16.3.1:
  version "16.3.1"
  resolved "https://registry.yarnpkg.com/dotenv/-/dotenv-16.3.1.tgz#369034de7d7e5b120972693352a3bf112172cc3e"
  integrity sha512-IPzF4w4/Rd94bA9imS68tZBaYyBWSCE47V1RGuMrB94iyTOIEwRmVL2x/4An+6mETpLrKJ5hQkB8W4kFAadeIQ==

elliptic@6.5.4:
  version "6.5.4"
  resolved "https://registry.yarnpkg.com/elliptic/-/elliptic-6.5.4.tgz#da37cebd31e79a1367e941b592ed1fbebd58abbb"
  integrity sha512-iLhC6ULemrljPZb+QutR5TQGB+pdW6KGD5RSegS+8sorOZT+rdQFbsQFJgvN3eRqNALqJer4oQ16YvJHlU8hzQ==
  dependencies:
    bn.js "^4.11.9"
    brorand "^1.1.0"
    hash.js "^1.0.0"
    hmac-drbg "^1.0.1"
    inherits "^2.0.4"
    minimalistic-assert "^1.0.1"
    minimalistic-crypto-utils "^1.0.1"

events@3.3.0:
  version "3.3.0"
  resolved "https://registry.yarnpkg.com/events/-/events-3.3.0.tgz#31a95ad0a924e2d2c419a813aeb2c4e878ea7400"
  integrity sha512-mQw+2fkQbALzQ7V0MY0IqdnXNOeTtP4r0lN9z7AAawCXgqea7bDii20AYrIBrFd/Hx0M2Ocz6S111CaFkUcb0Q==

fast-safe-stringify@^2.1.1:
  version "2.1.1"
  resolved "https://registry.yarnpkg.com/fast-safe-stringify/-/fast-safe-stringify-2.1.1.tgz#c406a83b6e70d9e35ce3b30a81141df30aeba884"
  integrity sha512-W+KJc2dmILlPplD/H4K9l9LcAHAfPtP6BY84uVLXQ6Evcz9Lcg33Y2z1IVblT6xdY54PXYVHEv+0Wpq8Io6zkA==

fetch-blob@^3.1.2, fetch-blob@^3.1.4:
  version "3.2.0"
  resolved "https://registry.yarnpkg.com/fetch-blob/-/fetch-blob-3.2.0.tgz#f09b8d4bbd45adc6f0c20b7e787e793e309dcce9"
  integrity sha512-7yAQpD2UMJzLi1Dqv7qFYnPbaPx7ZfFK6PiIxQ4PfkGPyNyl2Ugx+a/umUonmKqjhM4DnfbMvdX6otXq83soQQ==
  dependencies:
    node-domexception "^1.0.0"
    web-streams-polyfill "^3.0.3"

form-data@^4.0.0:
  version "4.0.0"
  resolved "https://registry.yarnpkg.com/form-data/-/form-data-4.0.0.tgz#93919daeaf361ee529584b9b31664dc12c9fa452"
  integrity sha512-ETEklSGi5t0QMZuiXoA/Q6vcnxcLQP5vdugSpuAyi6SVGi2clPPp+xgEhuMaHC+zGgn31Kd235W35f7Hykkaww==
  dependencies:
    asynckit "^0.4.0"
    combined-stream "^1.0.8"
    mime-types "^2.1.12"

formdata-polyfill@^4.0.10:
  version "4.0.10"
  resolved "https://registry.yarnpkg.com/formdata-polyfill/-/formdata-polyfill-4.0.10.tgz#24807c31c9d402e002ab3d8c720144ceb8848423"
  integrity sha512-buewHzMvYL29jdeQTVILecSaZKnt/RJWjoZCF5OW60Z67/GmSLBkOFM7qh1PI3zFNtJbaZL5eQu1vLfazOwj4g==
  dependencies:
    fetch-blob "^3.1.2"

formidable@^2.1.1:
  version "2.1.2"
  resolved "https://registry.yarnpkg.com/formidable/-/formidable-2.1.2.tgz#fa973a2bec150e4ce7cac15589d7a25fc30ebd89"
  integrity sha512-CM3GuJ57US06mlpQ47YcunuUZ9jpm8Vx+P2CGt2j7HpgkKZO/DJYQ0Bobim8G6PFQmK5lOqOOdUXboU+h73A4g==
  dependencies:
    dezalgo "^1.0.4"
    hexoid "^1.0.0"
    once "^1.4.0"
    qs "^6.11.0"

function-bind@^1.1.2:
  version "1.1.2"
  resolved "https://registry.yarnpkg.com/function-bind/-/function-bind-1.1.2.tgz#2c02d864d97f3ea6c8830c464cbd11ab6eab7a1c"
  integrity sha512-7XHNxH7qX9xG5mIwxkhumTox/MIRNcOgDrxWsMt2pAr23WHp6MrRlN7FBSFpCpr+oVO0F744iUgR82nJMfG2SA==

get-intrinsic@^1.0.2, get-intrinsic@^1.1.3, get-intrinsic@^1.2.1, get-intrinsic@^1.2.2:
  version "1.2.2"
  resolved "https://registry.yarnpkg.com/get-intrinsic/-/get-intrinsic-1.2.2.tgz#281b7622971123e1ef4b3c90fd7539306da93f3b"
  integrity sha512-0gSo4ml/0j98Y3lngkFEot/zhiCeWsbYIlZ+uZOVgzLyLaUw7wxUL+nCTP0XJvJg1AXulJRI3UJi8GsbDuxdGA==
  dependencies:
    function-bind "^1.1.2"
    has-proto "^1.0.1"
    has-symbols "^1.0.3"
    hasown "^2.0.0"

gopd@^1.0.1:
  version "1.0.1"
  resolved "https://registry.yarnpkg.com/gopd/-/gopd-1.0.1.tgz#29ff76de69dac7489b7c0918a5788e56477c332c"
  integrity sha512-d65bNlIadxvpb/A2abVdlqKqV563juRnZ1Wtk6s1sIR8uNsXR70xqIzVqxVf1eTqDunwT2MkczEeaezCKTZhwA==
  dependencies:
    get-intrinsic "^1.1.3"

graphql-ws@5.12.0:
  version "5.12.0"
  resolved "https://registry.yarnpkg.com/graphql-ws/-/graphql-ws-5.12.0.tgz#d06fe38916334b4a4c827f73268cbf4359a32ed7"
  integrity sha512-PA3ImUp8utrpEjoxBMhvxsjkStvFEdU0E1gEBREt8HZIWkxOUymwJBhFnBL7t/iHhUq1GVPeZevPinkZFENxTw==

graphql@16.6.0:
  version "16.6.0"
  resolved "https://registry.yarnpkg.com/graphql/-/graphql-16.6.0.tgz#c2dcffa4649db149f6282af726c8c83f1c7c5fdb"
  integrity sha512-KPIBPDlW7NxrbT/eh4qPXz5FiFdL5UbaA0XUNz2Rp3Z3hqBSkbj0GVjwFDztsWVauZUWsbKHgMg++sk8UX0bkw==

has-property-descriptors@^1.0.0:
  version "1.0.1"
  resolved "https://registry.yarnpkg.com/has-property-descriptors/-/has-property-descriptors-1.0.1.tgz#52ba30b6c5ec87fd89fa574bc1c39125c6f65340"
  integrity sha512-VsX8eaIewvas0xnvinAe9bw4WfIeODpGYikiWYLH+dma0Jw6KHYqWiWfhQlgOVK8D6PvjubK5Uc4P0iIhIcNVg==
  dependencies:
    get-intrinsic "^1.2.2"

has-proto@^1.0.1:
  version "1.0.1"
  resolved "https://registry.yarnpkg.com/has-proto/-/has-proto-1.0.1.tgz#1885c1305538958aff469fef37937c22795408e0"
  integrity sha512-7qE+iP+O+bgF9clE5+UoBFzE65mlBiVj3tKCrlNQ0Ogwm0BjpT/gK4SlLYDMybDh5I3TCTKnPPa0oMG7JDYrhg==

has-symbols@^1.0.3:
  version "1.0.3"
  resolved "https://registry.yarnpkg.com/has-symbols/-/has-symbols-1.0.3.tgz#bb7b2c4349251dce87b125f7bdf874aa7c8b39f8"
  integrity sha512-l3LCuF6MgDNwTDKkdYGEihYjt5pRPbEg46rtlmnSPlUbgmB8LOIrKJbYYFBSbnPaJexMKtiPO8hmeRjRz2Td+A==

hash.js@1.1.7, hash.js@^1.0.0, hash.js@^1.0.3:
  version "1.1.7"
  resolved "https://registry.yarnpkg.com/hash.js/-/hash.js-1.1.7.tgz#0babca538e8d4ee4a0f8988d68866537a003cf42"
  integrity sha512-taOaskGt4z4SOANNseOviYDvjEJinIkRgmp7LbKP2YTTmVxWBl87s/uzK9r+44BclBSp2X7K1hqeNfz9JbBeXA==
  dependencies:
    inherits "^2.0.3"
    minimalistic-assert "^1.0.1"

hasown@^2.0.0:
  version "2.0.0"
  resolved "https://registry.yarnpkg.com/hasown/-/hasown-2.0.0.tgz#f4c513d454a57b7c7e1650778de226b11700546c"
  integrity sha512-vUptKVTpIJhcczKBbgnS+RtcuYMB8+oNzPK2/Hp3hanz8JmpATdmmgLgSaadVREkDm+e2giHwY3ZRkyjSIDDFA==
  dependencies:
    function-bind "^1.1.2"

hexoid@^1.0.0:
  version "1.0.0"
  resolved "https://registry.yarnpkg.com/hexoid/-/hexoid-1.0.0.tgz#ad10c6573fb907de23d9ec63a711267d9dc9bc18"
  integrity sha512-QFLV0taWQOZtvIRIAdBChesmogZrtuXvVWsFHZTk2SU+anspqZ2vMnoLg7IE1+Uk16N19APic1BuF8bC8c2m5g==

hmac-drbg@^1.0.1:
  version "1.0.1"
  resolved "https://registry.yarnpkg.com/hmac-drbg/-/hmac-drbg-1.0.1.tgz#d2745701025a6c775a6c545793ed502fc0c649a1"
  integrity sha512-Tti3gMqLdZfhOQY1Mzf/AanLiqh1WTiJgEj26ZuYQ9fbkLomzGchCws4FyrSd4VkpBfiNhaE1On+lOz894jvXg==
  dependencies:
    hash.js "^1.0.3"
    minimalistic-assert "^1.0.0"
    minimalistic-crypto-utils "^1.0.1"

inherits@^2.0.3, inherits@^2.0.4:
  version "2.0.4"
  resolved "https://registry.yarnpkg.com/inherits/-/inherits-2.0.4.tgz#0fa2c64f932917c3433a0ded55363aae37416b7c"
  integrity sha512-k/vGaX4/Yla3WzyMCvTQOXYeIHvqOKtnqBduzTHpzpQZzAskKMhZ2K+EnBiSM9zGSoIFeMpXKxa4dYeZIQqewQ==

isomorphic-ws@5.0.0:
  version "5.0.0"
  resolved "https://registry.yarnpkg.com/isomorphic-ws/-/isomorphic-ws-5.0.0.tgz#e5529148912ecb9b451b46ed44d53dae1ce04bbf"
  integrity sha512-muId7Zzn9ywDsyXgTIafTry2sV3nySZeUDe6YedVd1Hvuuep5AsIlqK+XefWpYTyJG5e503F2xIuT2lcU6rCSw==

js-sha3@0.8.0:
  version "0.8.0"
  resolved "https://registry.yarnpkg.com/js-sha3/-/js-sha3-0.8.0.tgz#b9b7a5da73afad7dedd0f8c463954cbde6818840"
  integrity sha512-gF1cRrHhIzNfToc802P800N8PpXS+evLLXfsVpowqmAFR9uwbi89WvXg2QspOmXL8QL86J4T1EpFu+yUkwJY3Q==

lru-cache@^6.0.0:
  version "6.0.0"
  resolved "https://registry.yarnpkg.com/lru-cache/-/lru-cache-6.0.0.tgz#6d6fe6570ebd96aaf90fcad1dafa3b2566db3a94"
  integrity sha512-Jo6dJ04CmSjuznwJSS3pUeWmd/H0ffTlkXXgwZi+eq1UCmqQwCh+eLsYOYCwY991i2Fah4h1BEMCx4qThGbsiA==
  dependencies:
    yallist "^4.0.0"

lz-string@^1.4.4:
  version "1.5.0"
  resolved "https://registry.yarnpkg.com/lz-string/-/lz-string-1.5.0.tgz#c1ab50f77887b712621201ba9fd4e3a6ed099941"
  integrity sha512-h5bgJWpxJNswbU7qCrV0tIKQCaS3blPDrqKWx+QxzuzL1zGUzij9XCWLrSLsJPu5t+eWA/ycetzYAO5IOMcWAQ==

methods@^1.1.2:
  version "1.1.2"
  resolved "https://registry.yarnpkg.com/methods/-/methods-1.1.2.tgz#5529a4d67654134edcc5266656835b0f851afcee"
  integrity sha512-iclAHeNqNm68zFtnZ0e+1L2yUIdvzNoauKU4WBA3VvH/vPFieF7qfRlwUZU+DA9P9bPXIS90ulxoUoCH23sV2w==

mime-db@1.52.0:
  version "1.52.0"
  resolved "https://registry.yarnpkg.com/mime-db/-/mime-db-1.52.0.tgz#bbabcdc02859f4987301c856e3387ce5ec43bf70"
  integrity sha512-sPU4uV7dYlvtWJxwwxHD0PuihVNiE7TyAbQ5SWxDCB9mUYvOgroQOwYQQOKPJ8CIbE+1ETVlOoK1UC2nU3gYvg==

mime-types@^2.1.12:
  version "2.1.35"
  resolved "https://registry.yarnpkg.com/mime-types/-/mime-types-2.1.35.tgz#381a871b62a734450660ae3deee44813f70d959a"
  integrity sha512-ZDY+bPm5zTTF+YpCrAU9nK0UgICYPT0QtT1NZWFv4s++TNkcgVaT0g6+4R2uI4MjQjzysHB1zxuWL50hzaeXiw==
  dependencies:
    mime-db "1.52.0"

mime@2.6.0:
  version "2.6.0"
  resolved "https://registry.yarnpkg.com/mime/-/mime-2.6.0.tgz#a2a682a95cd4d0cb1d6257e28f83da7e35800367"
  integrity sha512-USPkMeET31rOMiarsBNIHZKLGgvKc/LrjofAnBlOttf5ajRvqiRA8QsenbcooctK6d6Ts6aqZXBA+XbkKthiQg==

minimalistic-assert@^1.0.0, minimalistic-assert@^1.0.1:
  version "1.0.1"
  resolved "https://registry.yarnpkg.com/minimalistic-assert/-/minimalistic-assert-1.0.1.tgz#2e194de044626d4a10e7f7fbc00ce73e83e4d5c7"
  integrity sha512-UtJcAD4yEaGtjPezWuO9wC4nwUnVH/8/Im3yEHQP4b67cXlD/Qr9hdITCU1xDbSEXg2XKNaP8jsReV7vQd00/A==

minimalistic-crypto-utils@^1.0.1:
  version "1.0.1"
  resolved "https://registry.yarnpkg.com/minimalistic-crypto-utils/-/minimalistic-crypto-utils-1.0.1.tgz#f6c00c1c0b082246e5c4d99dfb8c7c083b2b582a"
  integrity sha512-JIYlbt6g8i5jKfJ3xz7rF0LXmv2TkDxBLUkiBeZ7bAx4GnnNMr8xFpGnOxn6GhTEHx3SjRrZEoU+j04prX1ktg==

moment@2.29.4:
  version "2.29.4"
  resolved "https://registry.yarnpkg.com/moment/-/moment-2.29.4.tgz#3dbe052889fe7c1b2ed966fcb3a77328964ef108"
  integrity sha512-5LC9SOxjSc2HF6vO2CyuTDNivEdoz2IvyJJGj6X8DJ0eFyfszE0QiEd+iXmBvUP3WHxSjFH/vIsA0EN00cgr8w==

ms@2.1.2:
  version "2.1.2"
  resolved "https://registry.yarnpkg.com/ms/-/ms-2.1.2.tgz#d09d1f357b443f493382a8eb3ccd183872ae6009"
  integrity sha512-sGkPx+VjMtmA6MX27oA4FBFELFCZZ4S4XqeGOXCv68tT+jb3vk/RyaKWP0PTKyWtmLSM0b+adUTEvbs1PEaH2w==

nexajs@23.12.5:
  version "23.12.5"
  resolved "https://registry.yarnpkg.com/nexajs/-/nexajs-23.12.5.tgz#b5c18a432a454638607140c6f9068797210f5d1a"
  integrity sha512-efV8fLwrFZ0ASXrUsVog6TWbavNmmpHD5clTYWUUD0s/VTgNasFKZbJFxuYUSd/z4z2UJE4oU2KUeWT68JGHqg==
  dependencies:
    "@bitauth/libauth" "1.19.1"
    "@nexajs/address" "23.12.5"
    "@nexajs/app" "23.9.4"
    "@nexajs/crypto" "23.11.15"
    "@nexajs/hdnode" "23.12.3"
    "@nexajs/id" "23.5.15"
    "@nexajs/market" "23.12.3"
    "@nexajs/message" "23.9.2"
    "@nexajs/provider" "23.12.1"
    "@nexajs/purse" "23.11.14"
    "@nexajs/request" "23.5.15"
    "@nexajs/rostrum" "23.12.1"
    "@nexajs/rpc" "23.5.15"
    "@nexajs/script" "23.12.3"
    "@nexajs/token" "23.11.14"
    "@nexajs/transaction" "23.12.3"
    "@nexajs/utils" "23.7.22"
    "@nexajs/wallet" "23.11.14"
    debug "4.3.4"
    events "3.3.0"

node-domexception@^1.0.0:
  version "1.0.0"
  resolved "https://registry.yarnpkg.com/node-domexception/-/node-domexception-1.0.0.tgz#6888db46a1f71c0b76b3f7555016b63fe64766e5"
  integrity sha512-/jKZoMpw0F8GRwl4/eLROPA3cfcXtLApP0QzLmUT/HuPCZWyB7IY9ZrMeKw2O/nFIqPQB3PVM9aYm0F312AXDQ==

node-fetch@3.3.1:
  version "3.3.1"
  resolved "https://registry.yarnpkg.com/node-fetch/-/node-fetch-3.3.1.tgz#b3eea7b54b3a48020e46f4f88b9c5a7430d20b2e"
  integrity sha512-cRVc/kyto/7E5shrWca1Wsea4y6tL9iYJE5FBCius3JQfb/4P4I295PfhgbJQBLTx6lATE4z+wK0rPM4VS2uow==
  dependencies:
    data-uri-to-buffer "^4.0.0"
    fetch-blob "^3.1.4"
    formdata-polyfill "^4.0.10"

node-fetch@^2.6.12:
  version "2.7.0"
  resolved "https://registry.yarnpkg.com/node-fetch/-/node-fetch-2.7.0.tgz#d0f0fa6e3e2dc1d27efcd8ad99d550bda94d187d"
  integrity sha512-c4FRfUm/dbcWZ7U+1Wq0AwCyFL+3nt2bEw05wfxSz+DWpWsitgmSgYmy2dQdWyKC1694ELPqMs/YzUSNozLt8A==
  dependencies:
    whatwg-url "^5.0.0"

numeral@2.0.6:
  version "2.0.6"
  resolved "https://registry.yarnpkg.com/numeral/-/numeral-2.0.6.tgz#4ad080936d443c2561aed9f2197efffe25f4e506"
  integrity sha512-qaKRmtYPZ5qdw4jWJD6bxEf1FJEqllJrwxCLIm0sQU/A7v2/czigzOb+C2uSiFsa9lBUzeH7M1oK+Q+OLxL3kA==

object-inspect@^1.9.0:
  version "1.13.1"
  resolved "https://registry.yarnpkg.com/object-inspect/-/object-inspect-1.13.1.tgz#b96c6109324ccfef6b12216a956ca4dc2ff94bc2"
  integrity sha512-5qoj1RUiKOMsCCNLV1CBiPYE10sziTsnmNxkAI/rZhiD63CF7IqdFGC/XzjWjpSgLf0LxXX3bDFIh0E18f6UhQ==

once@^1.4.0:
  version "1.4.0"
  resolved "https://registry.yarnpkg.com/once/-/once-1.4.0.tgz#583b1aa775961d4b113ac17d9c50baef9dd76bd1"
  integrity sha512-lNaJgI+2Q5URQBkccEKHTQOPaXdUxnZZElQTZY0MFUAuaEqe1E+Nyvgdz/aIyNi6Z9MzO5dv1H8n58/GELp3+w==
  dependencies:
    wrappy "1"

qs@^6.11.0:
  version "6.11.2"
  resolved "https://registry.yarnpkg.com/qs/-/qs-6.11.2.tgz#64bea51f12c1f5da1bc01496f48ffcff7c69d7d9"
  integrity sha512-tDNIz22aBzCDxLtVH++VnTfzxlfeK5CbqohpSqpJgj1Wg/cQbStNAz3NuqCs5vV+pjBsK4x4pN9HlVh7rcYRiA==
  dependencies:
    side-channel "^1.0.4"

scrypt-js@3.0.1:
  version "3.0.1"
  resolved "https://registry.yarnpkg.com/scrypt-js/-/scrypt-js-3.0.1.tgz#d314a57c2aef69d1ad98a138a21fe9eafa9ee312"
  integrity sha512-cdwTTnqPu0Hyvf5in5asVdZocVDTNRmR7XEcJuIzMjJeSHybHl7vpB66AzwTaIg6CLSbtjcxc8fqcySfnTkccA==

secure-ls@1.2.6:
  version "1.2.6"
  resolved "https://registry.yarnpkg.com/secure-ls/-/secure-ls-1.2.6.tgz#0c54a4c7fa8317c3c101accbf6bb38d8d2072e46"
  integrity sha512-g8vUSKl6elSfyAUHodybnNkuZW+mUYEOWj4SZIDg+xoQ1dq5ddktBoOFrtxQBUl88ZyAJOtGWQ1PRaOxkTAuZQ==
  dependencies:
    crypto-js "^3.1.6"
    lz-string "^1.4.4"

semver@^7.3.8:
  version "7.5.4"
  resolved "https://registry.yarnpkg.com/semver/-/semver-7.5.4.tgz#483986ec4ed38e1c6c48c34894a9182dbff68a6e"
  integrity sha512-1bCSESV6Pv+i21Hvpxp3Dx+pSD8lIPt8uVjRrxAUt/nbswYc+tK6Y2btiULjd4+fnq15PX+nqQDC7Oft7WkwcA==
  dependencies:
    lru-cache "^6.0.0"

set-function-length@^1.1.1:
  version "1.1.1"
  resolved "https://registry.yarnpkg.com/set-function-length/-/set-function-length-1.1.1.tgz#4bc39fafb0307224a33e106a7d35ca1218d659ed"
  integrity sha512-VoaqjbBJKiWtg4yRcKBQ7g7wnGnLV3M8oLvVWwOk2PdYY6PEFegR1vezXR0tw6fZGF9csVakIRjrJiy2veSBFQ==
  dependencies:
    define-data-property "^1.1.1"
    get-intrinsic "^1.2.1"
    gopd "^1.0.1"
    has-property-descriptors "^1.0.0"

side-channel@^1.0.4:
  version "1.0.4"
  resolved "https://registry.yarnpkg.com/side-channel/-/side-channel-1.0.4.tgz#efce5c8fdc104ee751b25c58d4290011fa5ea2cf"
  integrity sha512-q5XPytqFEIKHkGdiMIrY10mvLRvnQh42/+GoBlFW3b2LXLE2xxJpZFdm94we0BaoV3RwJyGqg5wS7epxTv0Zvw==
  dependencies:
    call-bind "^1.0.0"
    get-intrinsic "^1.0.2"
    object-inspect "^1.9.0"

superagent@8.0.6:
  version "8.0.6"
  resolved "https://registry.yarnpkg.com/superagent/-/superagent-8.0.6.tgz#e3fb0b3112b79b12acd605c08846253197765bf6"
  integrity sha512-HqSe6DSIh3hEn6cJvCkaM1BLi466f1LHi4yubR0tpewlMpk4RUFFy35bKz8SsPBwYfIIJy5eclp+3tCYAuX0bw==
  dependencies:
    component-emitter "^1.3.0"
    cookiejar "^2.1.3"
    debug "^4.3.4"
    fast-safe-stringify "^2.1.1"
    form-data "^4.0.0"
    formidable "^2.1.1"
    methods "^1.1.2"
    mime "2.6.0"
    qs "^6.11.0"
    semver "^7.3.8"

tr46@~0.0.3:
  version "0.0.3"
  resolved "https://registry.yarnpkg.com/tr46/-/tr46-0.0.3.tgz#8184fd347dac9cdc185992f3a6622e14b9d9ab6a"
  integrity sha512-N3WMsuqV66lT30CrXNbEjx4GEwlow3v6rr4mCcv6prnfwhS01rkgyFdjPNBYd9br7LpXV1+Emh01fHnq2Gdgrw==

uuid@9.0.0:
  version "9.0.0"
  resolved "https://registry.yarnpkg.com/uuid/-/uuid-9.0.0.tgz#592f550650024a38ceb0c562f2f6aa435761efb5"
  integrity sha512-MXcSTerfPa4uqyzStbRoTgt5XIe3x5+42+q1sDuy3R5MDk66URdLMOZe5aPX/SQd+kuYAh0FdP/pO28IkQyTeg==

web-streams-polyfill@^3.0.3:
  version "3.2.1"
  resolved "https://registry.yarnpkg.com/web-streams-polyfill/-/web-streams-polyfill-3.2.1.tgz#71c2718c52b45fd49dbeee88634b3a60ceab42a6"
  integrity sha512-e0MO3wdXWKrLbL0DgGnUV7WHVuw9OUvL4hjgnPkIeEvESk74gAITi5G606JtZPp39cd8HA9VQzCIvA49LpPN5Q==

webidl-conversions@^3.0.0:
  version "3.0.1"
  resolved "https://registry.yarnpkg.com/webidl-conversions/-/webidl-conversions-3.0.1.tgz#24534275e2a7bc6be7bc86611cc16ae0a5654871"
  integrity sha512-2JAn3z8AR6rjK8Sm8orRC0h/bcl/DqL7tRPdGZ4I1CjdF+EaMLmYxBHyXuKL849eucPFhvBoxMsflfOb8kxaeQ==

whatwg-url@^5.0.0:
  version "5.0.0"
  resolved "https://registry.yarnpkg.com/whatwg-url/-/whatwg-url-5.0.0.tgz#966454e8765462e37644d3626f6742ce8b70965d"
  integrity sha512-saE57nupxk6v3HY35+jzBwYa0rKSy0XR8JSxZPwgLr7ys0IBzhGviA1/TUGJLmSVqs8pb9AnvICXEuOHLprYTw==
  dependencies:
    tr46 "~0.0.3"
    webidl-conversions "^3.0.0"

wrappy@1:
  version "1.0.2"
  resolved "https://registry.yarnpkg.com/wrappy/-/wrappy-1.0.2.tgz#b5243d8f3ec1aa35f1364605bc0d1036e30ab69f"
  integrity sha512-l4Sp/DRseor9wL6EvV2+TuQn63dMkPjZ/sp9XkghTEbV9KlPS1xUsZ3u7/IQO4wxtcFB4bgpQPRcR3QCvezPcQ==

ws@8.12.1:
  version "8.12.1"
  resolved "https://registry.yarnpkg.com/ws/-/ws-8.12.1.tgz#c51e583d79140b5e42e39be48c934131942d4a8f"
  integrity sha512-1qo+M9Ba+xNhPB+YTWUlK6M17brTut5EXbcBaMRN5pH5dFrXz7lzz1ChFSUq3bOUl8yEvSenhHmYUNJxFzdJew==

ws@8.13.0:
  version "8.13.0"
  resolved "https://registry.yarnpkg.com/ws/-/ws-8.13.0.tgz#9a9fb92f93cf41512a0735c8f4dd09b8a1211cd0"
  integrity sha512-x9vcZYTrFPC7aSIbj7sRCYo7L/Xb8Iy+pW0ng0wt2vCJv7M9HOMy0UoN3rr+IFC7hb7vXoqS+P9ktyLLLhO+LA==

yallist@^4.0.0:
  version "4.0.0"
  resolved "https://registry.yarnpkg.com/yallist/-/yallist-4.0.0.tgz#9bb92790d9c0effec63be73519e11a35019a3a72"
  integrity sha512-3wdGidZyq5PB084XLES5TpOSRA3wjXAlIWMhum2kRcv/41Sn2emQ0dycQW4uZXLejwKvg6EsvbdlVL+FYEct7A==

zxcvbn@4.4.2:
  version "4.4.2"
  resolved "https://registry.yarnpkg.com/zxcvbn/-/zxcvbn-4.4.2.tgz#28ec17cf09743edcab056ddd8b1b06262cc73c30"
  integrity sha512-Bq0B+ixT/DMyG8kgX2xWcI5jUvCwqrMxSFam7m0lAf78nf04hv6lNCsyLYdyYTrCVMqNDY/206K7eExYCeSyUQ==
