# THIS IS AN AUTOGENERATED FILE. DO NOT EDIT THIS FILE DIRECTLY.
# yarn lockfile v1


"@bitauth/libauth@1.19.1":
  version "1.19.1"
  resolved "https://registry.yarnpkg.com/@bitauth/libauth/-/libauth-1.19.1.tgz#713751bbc09815b667f8fe00a1cc5b0f3bf45dd1"
  integrity sha512-R524tD5VwOt3QRHr7N518nqTVR/HKgfWL4LypekcGuNQN8R4PWScvuRcRzrY39A28kLztMv+TJdiKuMNbkU1ug==

"@ethersproject/bytes@^5.7.0":
  version "5.7.0"
  resolved "https://registry.yarnpkg.com/@ethersproject/bytes/-/bytes-5.7.0.tgz#a00f6ea8d7e7534d6d87f47188af1148d71f155d"
  integrity sha512-nsbxwgFXWh9NyYWo+U8atvmMsSdKJprTcICAkvbBffT75qDocbuggBU0SJiVK2MuTrp0q+xvLkTnGMPK1+uA9A==
  dependencies:
    "@ethersproject/logger" "^5.7.0"

"@ethersproject/logger@^5.7.0":
  version "5.7.0"
  resolved "https://registry.yarnpkg.com/@ethersproject/logger/-/logger-5.7.0.tgz#6ce9ae168e74fecf287be17062b590852c311892"
  integrity sha512-0odtFdXu/XHtjQXJYA3u9G0G8btm0ND5Cu8M7i5vhEcE8/HmF4Lbdqanwyv4uQTr2tx6b7fQRmgLrsnpQlmnig==

"@ethersproject/random@5.7.0":
  version "5.7.0"
  resolved "https://registry.yarnpkg.com/@ethersproject/random/-/random-5.7.0.tgz#af19dcbc2484aae078bb03656ec05df66253280c"
  integrity sha512-19WjScqRA8IIeWclFme75VMXSBvi4e6InrUNuaR4s5pTF2qNhcGdCUwdxUVGtDDqC00sDLCO93jPQoDUH4HVmQ==
  dependencies:
    "@ethersproject/bytes" "^5.7.0"
    "@ethersproject/logger" "^5.7.0"

"@nexajs/crypto@23.11.15":
  version "23.11.15"
  resolved "https://registry.yarnpkg.com/@nexajs/crypto/-/crypto-23.11.15.tgz#df981ea9a6445de2e518142856a312beebdba0fa"
  integrity sha512-8h+1UUX+4QetEbmD1D8GEaaHyOKdW+xtJxvVwxpaZSPtws3Of7+FtO0XTrGWKMsEP+BGK1HfjzsTZD19NEJcMw==
  dependencies:
    "@ethersproject/random" "5.7.0"
    "@nexajs/utils" "23.7.22"
    crypto-js "4.2.0"
    debug "4.3.4"
    events "3.3.0"
    scrypt-js "3.0.1"
    secure-ls "1.2.6"

"@nexajs/rostrum@23.12.13":
  version "23.12.13"
  resolved "https://registry.yarnpkg.com/@nexajs/rostrum/-/rostrum-23.12.13.tgz#0c1e849256e5de3cad2122c9d02a0d6aed1c85d9"
  integrity sha512-lkzt8AdFfA4LrwWp8qJ6uWdwnheVXjyfJuL59mO11eBxS2yQz5cFN9t96WS8Qs+uSIamfE9fPnf54xlOGlj7oA==
  dependencies:
    debug "4.3.4"
    events "3.3.0"
    isomorphic-ws "5.0.0"
    uuid "9.0.0"
    ws "8.12.1"

"@nexajs/script@23.12.13":
  version "23.12.13"
  resolved "https://registry.yarnpkg.com/@nexajs/script/-/script-23.12.13.tgz#d773922652fb67dd258af84bab28660c5fd6fb4d"
  integrity sha512-/9rWhLY6UUmRU3CURXNgKMSS7Luy4PR7vaMLOml4AtN1PZvqraQLIJ8nPcCM90+EeAI5pdrzxisSNK67QTR82g==
  dependencies:
    "@bitauth/libauth" "1.19.1"
    "@nexajs/utils" "23.7.22"
    debug "4.3.4"

"@nexajs/utils@23.7.22":
  version "23.7.22"
  resolved "https://registry.yarnpkg.com/@nexajs/utils/-/utils-23.7.22.tgz#528a2d0fbb0c9db200f0b2ca877560d26944d33f"
  integrity sha512-8gX+YgXJOwxr+F5u91WqOZ9vV/xydSOUbZuHiOGjDirBG1MAsSb33MBhuW21ZuZrYtC3md589UhHBtai3QjAdw==
  dependencies:
    debug "4.3.4"

big-integer@1.6.51:
  version "1.6.51"
  resolved "https://registry.yarnpkg.com/big-integer/-/big-integer-1.6.51.tgz#0df92a5d9880560d3ff2d5fd20245c889d130686"
  integrity sha512-GPEid2Y9QU1Exl1rpO9B2IPJGHPSupF5GnVIP0blYvNOMer2bTvSWs1jGOUg04hTmu67nmLsQ9TBo1puaotBHg==

crypto-js@4.2.0:
  version "4.2.0"
  resolved "https://registry.yarnpkg.com/crypto-js/-/crypto-js-4.2.0.tgz#4d931639ecdfd12ff80e8186dba6af2c2e856631"
  integrity sha512-KALDyEYgpY+Rlob/iriUtjV6d5Eq+Y191A5g4UqLAi8CyGP9N1+FdVbkc1SxKc2r4YAYqG8JzO2KGL+AizD70Q==

crypto-js@^3.1.6:
  version "3.3.0"
  resolved "https://registry.yarnpkg.com/crypto-js/-/crypto-js-3.3.0.tgz#846dd1cce2f68aacfa156c8578f926a609b7976b"
  integrity sha512-DIT51nX0dCfKltpRiXV+/TVZq+Qq2NgF4644+K7Ttnla7zEzqc+kjJyiB96BHNyUTBxyjzRcZYpUdZa+QAqi6Q==

debug@4.3.4:
  version "4.3.4"
  resolved "https://registry.yarnpkg.com/debug/-/debug-4.3.4.tgz#1319f6579357f2338d3337d2cdd4914bb5dcc865"
  integrity sha512-PRWFHuSU3eDtQJPvnNY7Jcket1j0t5OuOsFzPPzsekD52Zl8qUfFIPEiswXqIvHWGVHOgX+7G/vCNNhehwxfkQ==
  dependencies:
    ms "2.1.2"

events@3.3.0:
  version "3.3.0"
  resolved "https://registry.yarnpkg.com/events/-/events-3.3.0.tgz#31a95ad0a924e2d2c419a813aeb2c4e878ea7400"
  integrity sha512-mQw+2fkQbALzQ7V0MY0IqdnXNOeTtP4r0lN9z7AAawCXgqea7bDii20AYrIBrFd/Hx0M2Ocz6S111CaFkUcb0Q==

graphql-ws@5.12.0:
  version "5.12.0"
  resolved "https://registry.yarnpkg.com/graphql-ws/-/graphql-ws-5.12.0.tgz#d06fe38916334b4a4c827f73268cbf4359a32ed7"
  integrity sha512-PA3ImUp8utrpEjoxBMhvxsjkStvFEdU0E1gEBREt8HZIWkxOUymwJBhFnBL7t/iHhUq1GVPeZevPinkZFENxTw==

graphql@16.6.0:
  version "16.6.0"
  resolved "https://registry.yarnpkg.com/graphql/-/graphql-16.6.0.tgz#c2dcffa4649db149f6282af726c8c83f1c7c5fdb"
  integrity sha512-KPIBPDlW7NxrbT/eh4qPXz5FiFdL5UbaA0XUNz2Rp3Z3hqBSkbj0GVjwFDztsWVauZUWsbKHgMg++sk8UX0bkw==

isomorphic-ws@5.0.0:
  version "5.0.0"
  resolved "https://registry.yarnpkg.com/isomorphic-ws/-/isomorphic-ws-5.0.0.tgz#e5529148912ecb9b451b46ed44d53dae1ce04bbf"
  integrity sha512-muId7Zzn9ywDsyXgTIafTry2sV3nySZeUDe6YedVd1Hvuuep5AsIlqK+XefWpYTyJG5e503F2xIuT2lcU6rCSw==

lz-string@^1.4.4:
  version "1.5.0"
  resolved "https://registry.yarnpkg.com/lz-string/-/lz-string-1.5.0.tgz#c1ab50f77887b712621201ba9fd4e3a6ed099941"
  integrity sha512-h5bgJWpxJNswbU7qCrV0tIKQCaS3blPDrqKWx+QxzuzL1zGUzij9XCWLrSLsJPu5t+eWA/ycetzYAO5IOMcWAQ==

ms@2.1.2:
  version "2.1.2"
  resolved "https://registry.yarnpkg.com/ms/-/ms-2.1.2.tgz#d09d1f357b443f493382a8eb3ccd183872ae6009"
  integrity sha512-sGkPx+VjMtmA6MX27oA4FBFELFCZZ4S4XqeGOXCv68tT+jb3vk/RyaKWP0PTKyWtmLSM0b+adUTEvbs1PEaH2w==

scrypt-js@3.0.1:
  version "3.0.1"
  resolved "https://registry.yarnpkg.com/scrypt-js/-/scrypt-js-3.0.1.tgz#d314a57c2aef69d1ad98a138a21fe9eafa9ee312"
  integrity sha512-cdwTTnqPu0Hyvf5in5asVdZocVDTNRmR7XEcJuIzMjJeSHybHl7vpB66AzwTaIg6CLSbtjcxc8fqcySfnTkccA==

secure-ls@1.2.6:
  version "1.2.6"
  resolved "https://registry.yarnpkg.com/secure-ls/-/secure-ls-1.2.6.tgz#0c54a4c7fa8317c3c101accbf6bb38d8d2072e46"
  integrity sha512-g8vUSKl6elSfyAUHodybnNkuZW+mUYEOWj4SZIDg+xoQ1dq5ddktBoOFrtxQBUl88ZyAJOtGWQ1PRaOxkTAuZQ==
  dependencies:
    crypto-js "^3.1.6"
    lz-string "^1.4.4"

uuid@9.0.0:
  version "9.0.0"
  resolved "https://registry.yarnpkg.com/uuid/-/uuid-9.0.0.tgz#592f550650024a38ceb0c562f2f6aa435761efb5"
  integrity sha512-MXcSTerfPa4uqyzStbRoTgt5XIe3x5+42+q1sDuy3R5MDk66URdLMOZe5aPX/SQd+kuYAh0FdP/pO28IkQyTeg==

ws@8.12.1:
  version "8.12.1"
  resolved "https://registry.yarnpkg.com/ws/-/ws-8.12.1.tgz#c51e583d79140b5e42e39be48c934131942d4a8f"
  integrity sha512-1qo+M9Ba+xNhPB+YTWUlK6M17brTut5EXbcBaMRN5pH5dFrXz7lzz1ChFSUq3bOUl8yEvSenhHmYUNJxFzdJew==

ws@8.13.0:
  version "8.13.0"
  resolved "https://registry.yarnpkg.com/ws/-/ws-8.13.0.tgz#9a9fb92f93cf41512a0735c8f4dd09b8a1211cd0"
  integrity sha512-x9vcZYTrFPC7aSIbj7sRCYo7L/Xb8Iy+pW0ng0wt2vCJv7M9HOMy0UoN3rr+IFC7hb7vXoqS+P9ktyLLLhO+LA==
