# THIS IS AN AUTOGENERATED FILE. DO NOT EDIT THIS FILE DIRECTLY.
# yarn lockfile v1


"@nexajs/utils@24.7.15":
  version "24.7.15"
  resolved "https://registry.yarnpkg.com/@nexajs/utils/-/utils-24.7.15.tgz#499bf20e1643e7c7bad91529a3f30c80512b6c5a"
  integrity sha512-kI2GSorfBmylBjmnuwqeIeJWqlaIONX2MLPZ1FyGSviXFfd9H91Yr5KrHyDTh+BIV2dIfhPDqu/Lk5caG6XiiA==

events@3.3.0:
  version "3.3.0"
  resolved "https://registry.yarnpkg.com/events/-/events-3.3.0.tgz#31a95ad0a924e2d2c419a813aeb2c4e878ea7400"
  integrity sha512-mQw+2fkQbALzQ7V0MY0IqdnXNOeTtP4r0lN9z7AAawCXgqea7bDii20AYrIBrFd/Hx0M2Ocz6S111CaFkUcb0Q==
