# THIS IS AN AUTOGENERATED FILE. DO NOT EDIT THIS FILE DIRECTLY.
# yarn lockfile v1


"@nexajs/utils@24.7.11":
  version "24.7.11"
  resolved "https://registry.yarnpkg.com/@nexajs/utils/-/utils-24.7.11.tgz#441d0727e7b25d624ea495b232437cc1b26dbf9b"
  integrity sha512-gf2e/ZzrZSKr5QWNkgP3Ri1Ig2RHjy1nTtug9duxBuC2QK8//fJnAFffWeVTkRubKt0i2SMGCQkRhfEiTrGE1w==
