# THIS IS AN AUTOGENERATED FILE. DO NOT EDIT THIS FILE DIRECTLY.
# yarn lockfile v1


"@nexajs/utils@24.7.15":
  version "24.7.15"
  resolved "https://registry.yarnpkg.com/@nexajs/utils/-/utils-24.7.15.tgz#499bf20e1643e7c7bad91529a3f30c80512b6c5a"
  integrity sha512-kI2GSorfBmylBjmnuwqeIeJWqlaIONX2MLPZ1FyGSviXFfd9H91Yr5KrHyDTh+BIV2dIfhPDqu/Lk5caG6XiiA==
